{
  "object": {
    "pins": [
      {
        "package": "SwiftyIOSViewExtensions",
        "repositoryURL": "https://github.com/mr-elbe5/SwiftyIOSViewExtensions",
        "state": {
          "branch": null,
          "revision": "93a7046cddd664cc17a2e486c2e7a684bd4f746c",
          "version": "1.0.9"
        }
      }
    ]
  },
  "version": 1
}
