// !$*UTF8*$!
{
	archiveVersion = 1;
	classes = {
	};
	objectVersion = 52;
	objects = {

/* Begin PBXBuildFile section */
		4E0BD98126E9FC66005A4A94 /* AppDelegate.swift in Sources */ = {isa = PBXBuildFile; fileRef = 4E0BD98026E9FC66005A4A94 /* AppDelegate.swift */; };
		4E0BD98326E9FC66005A4A94 /* SceneDelegate.swift in Sources */ = {isa = PBXBuildFile; fileRef = 4E0BD98226E9FC66005A4A94 /* SceneDelegate.swift */; };
		4E0BD98A26E9FC67005A4A94 /* Assets.xcassets in Resources */ = {isa = PBXBuildFile; fileRef = 4E0BD98926E9FC67005A4A94 /* Assets.xcassets */; };
		4E0BD98D26E9FC67005A4A94 /* LaunchScreen.storyboard in Resources */ = {isa = PBXBuildFile; fileRef = 4E0BD98B26E9FC67005A4A94 /* LaunchScreen.storyboard */; };
		4E0BD99626E9FF6D005A4A94 /* SwiftyIOSViewExtensions in Frameworks */ = {isa = PBXBuildFile; productRef = 4E0BD99526E9FF6D005A4A94 /* SwiftyIOSViewExtensions */; };
		4E0BD99926EA0039005A4A94 /* Statics.swift in Sources */ = {isa = PBXBuildFile; fileRef = 4E0BD99826EA0039005A4A94 /* Statics.swift */; };
		4E0BD9A726EA0159005A4A94 /* UIViewController.swift in Sources */ = {isa = PBXBuildFile; fileRef = 4E0BD99F26EA0159005A4A94 /* UIViewController.swift */; };
		4E0BD9A826EA0159005A4A94 /* ViewController.swift in Sources */ = {isa = PBXBuildFile; fileRef = 4E0BD9A026EA0159005A4A94 /* ViewController.swift */; };
		4E0BD9A926EA0159005A4A94 /* PhotoViewController.swift in Sources */ = {isa = PBXBuildFile; fileRef = 4E0BD9A126EA0159005A4A94 /* PhotoViewController.swift */; };
		4E0BD9AA26EA0159005A4A94 /* ScrollViewController.swift in Sources */ = {isa = PBXBuildFile; fileRef = 4E0BD9A226EA0159005A4A94 /* ScrollViewController.swift */; };
		4E0BD9AB26EA0159005A4A94 /* ModalViewController.swift in Sources */ = {isa = PBXBuildFile; fileRef = 4E0BD9A326EA0159005A4A94 /* ModalViewController.swift */; };
		4E0BD9AD26EA0159005A4A94 /* ModalScrollViewController.swift in Sources */ = {isa = PBXBuildFile; fileRef = 4E0BD9A526EA0159005A4A94 /* ModalScrollViewController.swift */; };
		4E0BD9B326EA0170005A4A94 /* AppInfoViewController.swift in Sources */ = {isa = PBXBuildFile; fileRef = 4E0BD9AF26EA0170005A4A94 /* AppInfoViewController.swift */; };
		4E0BD9B426EA0170005A4A94 /* SettingsViewController.swift in Sources */ = {isa = PBXBuildFile; fileRef = 4E0BD9B026EA0170005A4A94 /* SettingsViewController.swift */; };
		4E0BD9B526EA0170005A4A94 /* MapViewController.swift in Sources */ = {isa = PBXBuildFile; fileRef = 4E0BD9B126EA0170005A4A94 /* MapViewController.swift */; };
		4E0BD9BC26EA0239005A4A94 /* Codable.swift in Sources */ = {isa = PBXBuildFile; fileRef = 4E0BD9B726EA0239005A4A94 /* Codable.swift */; };
		4E0BD9BD26EA0239005A4A94 /* Date.swift in Sources */ = {isa = PBXBuildFile; fileRef = 4E0BD9B826EA0239005A4A94 /* Date.swift */; };
		4E0BD9BE26EA0239005A4A94 /* String.swift in Sources */ = {isa = PBXBuildFile; fileRef = 4E0BD9B926EA0239005A4A94 /* String.swift */; };
		4E0BD9BF26EA0239005A4A94 /* URL.swift in Sources */ = {isa = PBXBuildFile; fileRef = 4E0BD9BA26EA0239005A4A94 /* URL.swift */; };
		4E0BD9C026EA0239005A4A94 /* Settings.swift in Sources */ = {isa = PBXBuildFile; fileRef = 4E0BD9BB26EA0239005A4A94 /* Settings.swift */; };
		4E0BD9CB26EA02BA005A4A94 /* CLLocationManager.swift in Sources */ = {isa = PBXBuildFile; fileRef = 4E0BD9C126EA02BA005A4A94 /* CLLocationManager.swift */; };
		4E0BD9CC26EA02BA005A4A94 /* CameraViewController.swift in Sources */ = {isa = PBXBuildFile; fileRef = 4E0BD9C226EA02BA005A4A94 /* CameraViewController.swift */; };
		4E0BD9CD26EA02BA005A4A94 /* CaptureButton.swift in Sources */ = {isa = PBXBuildFile; fileRef = 4E0BD9C326EA02BA005A4A94 /* CaptureButton.swift */; };
		4E0BD9CE26EA02BA005A4A94 /* LocationService.swift in Sources */ = {isa = PBXBuildFile; fileRef = 4E0BD9C426EA02BA005A4A94 /* LocationService.swift */; };
		4E0BD9CF26EA02BA005A4A94 /* MediaCommentLabel.swift in Sources */ = {isa = PBXBuildFile; fileRef = 4E0BD9C526EA02BA005A4A94 /* MediaCommentLabel.swift */; };
		4E0BD9D126EA02BA005A4A94 /* MKMapView.swift in Sources */ = {isa = PBXBuildFile; fileRef = 4E0BD9C726EA02BA005A4A94 /* MKMapView.swift */; };
		4E0BD9D226EA02BA005A4A94 /* Location.swift in Sources */ = {isa = PBXBuildFile; fileRef = 4E0BD9C826EA02BA005A4A94 /* Location.swift */; };
		4E0BD9D326EA02BA005A4A94 /* AVCaptureVideoOrientation.swift in Sources */ = {isa = PBXBuildFile; fileRef = 4E0BD9C926EA02BA005A4A94 /* AVCaptureVideoOrientation.swift */; };
		4E0BD9D426EA02BA005A4A94 /* AVCaptureDevice.swift in Sources */ = {isa = PBXBuildFile; fileRef = 4E0BD9CA26EA02BA005A4A94 /* AVCaptureDevice.swift */; };
		4E0BD9D726EA037F005A4A94 /* DataController.swift in Sources */ = {isa = PBXBuildFile; fileRef = 4E0BD9D526EA037F005A4A94 /* DataController.swift */; };
		4E0BD9D826EA037F005A4A94 /* FileController.swift in Sources */ = {isa = PBXBuildFile; fileRef = 4E0BD9D626EA037F005A4A94 /* FileController.swift */; };
		4E0BD9DB26EA043D005A4A94 /* Localizable.strings in Resources */ = {isa = PBXBuildFile; fileRef = 4E0BD9DD26EA043D005A4A94 /* Localizable.strings */; };
		4E0BD9E326EA04EE005A4A94 /* MapError.swift in Sources */ = {isa = PBXBuildFile; fileRef = 4E0BD9DF26EA04EE005A4A94 /* MapError.swift */; };
		4E0BD9E426EA04EE005A4A94 /* AuthorizationError.swift in Sources */ = {isa = PBXBuildFile; fileRef = 4E0BD9E026EA04EE005A4A94 /* AuthorizationError.swift */; };
		4E0BD9E526EA04EE005A4A94 /* LocationError.swift in Sources */ = {isa = PBXBuildFile; fileRef = 4E0BD9E126EA04EE005A4A94 /* LocationError.swift */; };
		4E0BD9E626EA04EE005A4A94 /* FileError.swift in Sources */ = {isa = PBXBuildFile; fileRef = 4E0BD9E226EA04EE005A4A94 /* FileError.swift */; };
		4E3BE7ED26EA80A5000F9069 /* EditViewController.swift in Sources */ = {isa = PBXBuildFile; fileRef = 4E3BE7EC26EA80A5000F9069 /* EditViewController.swift */; };
/* End PBXBuildFile section */

/* Begin PBXFileReference section */
		4E0BD97D26E9FC66005A4A94 /* SwiftyMaps.app */ = {isa = PBXFileReference; explicitFileType = wrapper.application; includeInIndex = 0; path = SwiftyMaps.app; sourceTree = BUILT_PRODUCTS_DIR; };
		4E0BD98026E9FC66005A4A94 /* AppDelegate.swift */ = {isa = PBXFileReference; lastKnownFileType = sourcecode.swift; path = AppDelegate.swift; sourceTree = "<group>"; };
		4E0BD98226E9FC66005A4A94 /* SceneDelegate.swift */ = {isa = PBXFileReference; lastKnownFileType = sourcecode.swift; path = SceneDelegate.swift; sourceTree = "<group>"; };
		4E0BD98926E9FC67005A4A94 /* Assets.xcassets */ = {isa = PBXFileReference; lastKnownFileType = folder.assetcatalog; path = Assets.xcassets; sourceTree = "<group>"; };
		4E0BD98C26E9FC67005A4A94 /* Base */ = {isa = PBXFileReference; lastKnownFileType = file.storyboard; name = Base; path = Base.lproj/LaunchScreen.storyboard; sourceTree = "<group>"; };
		4E0BD98E26E9FC67005A4A94 /* Info.plist */ = {isa = PBXFileReference; lastKnownFileType = text.plist.xml; path = Info.plist; sourceTree = "<group>"; };
		4E0BD99826EA0039005A4A94 /* Statics.swift */ = {isa = PBXFileReference; fileEncoding = 4; lastKnownFileType = sourcecode.swift; path = Statics.swift; sourceTree = "<group>"; };
		4E0BD99F26EA0159005A4A94 /* UIViewController.swift */ = {isa = PBXFileReference; fileEncoding = 4; lastKnownFileType = sourcecode.swift; path = UIViewController.swift; sourceTree = "<group>"; };
		4E0BD9A026EA0159005A4A94 /* ViewController.swift */ = {isa = PBXFileReference; fileEncoding = 4; lastKnownFileType = sourcecode.swift; path = ViewController.swift; sourceTree = "<group>"; };
		4E0BD9A126EA0159005A4A94 /* PhotoViewController.swift */ = {isa = PBXFileReference; fileEncoding = 4; lastKnownFileType = sourcecode.swift; path = PhotoViewController.swift; sourceTree = "<group>"; };
		4E0BD9A226EA0159005A4A94 /* ScrollViewController.swift */ = {isa = PBXFileReference; fileEncoding = 4; lastKnownFileType = sourcecode.swift; path = ScrollViewController.swift; sourceTree = "<group>"; };
		4E0BD9A326EA0159005A4A94 /* ModalViewController.swift */ = {isa = PBXFileReference; fileEncoding = 4; lastKnownFileType = sourcecode.swift; path = ModalViewController.swift; sourceTree = "<group>"; };
		4E0BD9A526EA0159005A4A94 /* ModalScrollViewController.swift */ = {isa = PBXFileReference; fileEncoding = 4; lastKnownFileType = sourcecode.swift; path = ModalScrollViewController.swift; sourceTree = "<group>"; };
		4E0BD9AF26EA0170005A4A94 /* AppInfoViewController.swift */ = {isa = PBXFileReference; fileEncoding = 4; lastKnownFileType = sourcecode.swift; path = AppInfoViewController.swift; sourceTree = "<group>"; };
		4E0BD9B026EA0170005A4A94 /* SettingsViewController.swift */ = {isa = PBXFileReference; fileEncoding = 4; lastKnownFileType = sourcecode.swift; path = SettingsViewController.swift; sourceTree = "<group>"; };
		4E0BD9B126EA0170005A4A94 /* MapViewController.swift */ = {isa = PBXFileReference; fileEncoding = 4; lastKnownFileType = sourcecode.swift; path = MapViewController.swift; sourceTree = "<group>"; };
		4E0BD9B726EA0239005A4A94 /* Codable.swift */ = {isa = PBXFileReference; fileEncoding = 4; lastKnownFileType = sourcecode.swift; path = Codable.swift; sourceTree = "<group>"; };
		4E0BD9B826EA0239005A4A94 /* Date.swift */ = {isa = PBXFileReference; fileEncoding = 4; lastKnownFileType = sourcecode.swift; path = Date.swift; sourceTree = "<group>"; };
		4E0BD9B926EA0239005A4A94 /* String.swift */ = {isa = PBXFileReference; fileEncoding = 4; lastKnownFileType = sourcecode.swift; path = String.swift; sourceTree = "<group>"; };
		4E0BD9BA26EA0239005A4A94 /* URL.swift */ = {isa = PBXFileReference; fileEncoding = 4; lastKnownFileType = sourcecode.swift; path = URL.swift; sourceTree = "<group>"; };
		4E0BD9BB26EA0239005A4A94 /* Settings.swift */ = {isa = PBXFileReference; fileEncoding = 4; lastKnownFileType = sourcecode.swift; path = Settings.swift; sourceTree = "<group>"; };
		4E0BD9C126EA02BA005A4A94 /* CLLocationManager.swift */ = {isa = PBXFileReference; fileEncoding = 4; lastKnownFileType = sourcecode.swift; path = CLLocationManager.swift; sourceTree = "<group>"; };
		4E0BD9C226EA02BA005A4A94 /* CameraViewController.swift */ = {isa = PBXFileReference; fileEncoding = 4; lastKnownFileType = sourcecode.swift; path = CameraViewController.swift; sourceTree = "<group>"; };
		4E0BD9C326EA02BA005A4A94 /* CaptureButton.swift */ = {isa = PBXFileReference; fileEncoding = 4; lastKnownFileType = sourcecode.swift; path = CaptureButton.swift; sourceTree = "<group>"; };
		4E0BD9C426EA02BA005A4A94 /* LocationService.swift */ = {isa = PBXFileReference; fileEncoding = 4; lastKnownFileType = sourcecode.swift; path = LocationService.swift; sourceTree = "<group>"; };
		4E0BD9C526EA02BA005A4A94 /* MediaCommentLabel.swift */ = {isa = PBXFileReference; fileEncoding = 4; lastKnownFileType = sourcecode.swift; path = MediaCommentLabel.swift; sourceTree = "<group>"; };
		4E0BD9C726EA02BA005A4A94 /* MKMapView.swift */ = {isa = PBXFileReference; fileEncoding = 4; lastKnownFileType = sourcecode.swift; path = MKMapView.swift; sourceTree = "<group>"; };
		4E0BD9C826EA02BA005A4A94 /* Location.swift */ = {isa = PBXFileReference; fileEncoding = 4; lastKnownFileType = sourcecode.swift; path = Location.swift; sourceTree = "<group>"; };
		4E0BD9C926EA02BA005A4A94 /* AVCaptureVideoOrientation.swift */ = {isa = PBXFileReference; fileEncoding = 4; lastKnownFileType = sourcecode.swift; path = AVCaptureVideoOrientation.swift; sourceTree = "<group>"; };
		4E0BD9CA26EA02BA005A4A94 /* AVCaptureDevice.swift */ = {isa = PBXFileReference; fileEncoding = 4; lastKnownFileType = sourcecode.swift; path = AVCaptureDevice.swift; sourceTree = "<group>"; };
		4E0BD9D526EA037F005A4A94 /* DataController.swift */ = {isa = PBXFileReference; fileEncoding = 4; lastKnownFileType = sourcecode.swift; path = DataController.swift; sourceTree = "<group>"; };
		4E0BD9D626EA037F005A4A94 /* FileController.swift */ = {isa = PBXFileReference; fileEncoding = 4; lastKnownFileType = sourcecode.swift; path = FileController.swift; sourceTree = "<group>"; };
		4E0BD9DC26EA043D005A4A94 /* en */ = {isa = PBXFileReference; lastKnownFileType = text.plist.strings; name = en; path = en.lproj/Localizable.strings; sourceTree = "<group>"; };
		4E0BD9DE26EA0467005A4A94 /* de */ = {isa = PBXFileReference; lastKnownFileType = text.plist.strings; name = de; path = de.lproj/Localizable.strings; sourceTree = "<group>"; };
		4E0BD9DF26EA04EE005A4A94 /* MapError.swift */ = {isa = PBXFileReference; fileEncoding = 4; lastKnownFileType = sourcecode.swift; path = MapError.swift; sourceTree = "<group>"; };
		4E0BD9E026EA04EE005A4A94 /* AuthorizationError.swift */ = {isa = PBXFileReference; fileEncoding = 4; lastKnownFileType = sourcecode.swift; path = AuthorizationError.swift; sourceTree = "<group>"; };
		4E0BD9E126EA04EE005A4A94 /* LocationError.swift */ = {isa = PBXFileReference; fileEncoding = 4; lastKnownFileType = sourcecode.swift; path = LocationError.swift; sourceTree = "<group>"; };
		4E0BD9E226EA04EE005A4A94 /* FileError.swift */ = {isa = PBXFileReference; fileEncoding = 4; lastKnownFileType = sourcecode.swift; path = FileError.swift; sourceTree = "<group>"; };
		4E3BE7EC26EA80A5000F9069 /* EditViewController.swift */ = {isa = PBXFileReference; fileEncoding = 4; lastKnownFileType = sourcecode.swift; path = EditViewController.swift; sourceTree = "<group>"; };
/* End PBXFileReference section */

/* Begin PBXFrameworksBuildPhase section */
		4E0BD97A26E9FC66005A4A94 /* Frameworks */ = {
			isa = PBXFrameworksBuildPhase;
			buildActionMask = 2147483647;
			files = (
				4E0BD99626E9FF6D005A4A94 /* SwiftyIOSViewExtensions in Frameworks */,
			);
			runOnlyForDeploymentPostprocessing = 0;
		};
/* End PBXFrameworksBuildPhase section */

/* Begin PBXGroup section */
		4E0BD97426E9FC66005A4A94 = {
			isa = PBXGroup;
			children = (
				4E0BD97F26E9FC66005A4A94 /* SwiftyMaps */,
				4E0BD97E26E9FC66005A4A94 /* Products */,
			);
			sourceTree = "<group>";
		};
		4E0BD97E26E9FC66005A4A94 /* Products */ = {
			isa = PBXGroup;
			children = (
				4E0BD97D26E9FC66005A4A94 /* SwiftyMaps.app */,
			);
			name = Products;
			sourceTree = "<group>";
		};
		4E0BD97F26E9FC66005A4A94 /* SwiftyMaps */ = {
			isa = PBXGroup;
			children = (
				4E0BD99E26EA010A005A4A94 /* Base */,
				4E0BD99A26EA005D005A4A94 /* Data */,
				4E3BE7EB26EA7EF1000F9069 /* Photo */,
				4E3BE7EA26EA7E57000F9069 /* Map */,
				4E0BD99C26EA0074005A4A94 /* View */,
				4E0BD99726EA0020005A4A94 /* System */,
				4E0BD98926E9FC67005A4A94 /* Assets.xcassets */,
				4E0BD98B26E9FC67005A4A94 /* LaunchScreen.storyboard */,
				4E0BD98E26E9FC67005A4A94 /* Info.plist */,
				4E0BD9DD26EA043D005A4A94 /* Localizable.strings */,
			);
			path = SwiftyMaps;
			sourceTree = "<group>";
		};
		4E0BD99726EA0020005A4A94 /* System */ = {
			isa = PBXGroup;
			children = (
				4E0BD99826EA0039005A4A94 /* Statics.swift */,
				4E0BD98026E9FC66005A4A94 /* AppDelegate.swift */,
				4E0BD98226E9FC66005A4A94 /* SceneDelegate.swift */,
			);
			path = System;
			sourceTree = "<group>";
		};
		4E0BD99A26EA005D005A4A94 /* Data */ = {
			isa = PBXGroup;
			children = (
				4E0BD9D526EA037F005A4A94 /* DataController.swift */,
				4E0BD9D626EA037F005A4A94 /* FileController.swift */,
				4E0BD9BB26EA0239005A4A94 /* Settings.swift */,
			);
			path = Data;
			sourceTree = "<group>";
		};
		4E0BD99C26EA0074005A4A94 /* View */ = {
			isa = PBXGroup;
			children = (
				4E0BD9AF26EA0170005A4A94 /* AppInfoViewController.swift */,
				4E0BD9B026EA0170005A4A94 /* SettingsViewController.swift */,
			);
			path = View;
			sourceTree = "<group>";
		};
		4E0BD99E26EA010A005A4A94 /* Base */ = {
			isa = PBXGroup;
			children = (
				4E3BE7EC26EA80A5000F9069 /* EditViewController.swift */,
				4E0BD9E026EA04EE005A4A94 /* AuthorizationError.swift */,
				4E0BD9E226EA04EE005A4A94 /* FileError.swift */,
				4E0BD9B726EA0239005A4A94 /* Codable.swift */,
				4E0BD9B826EA0239005A4A94 /* Date.swift */,
				4E0BD9B926EA0239005A4A94 /* String.swift */,
				4E0BD9BA26EA0239005A4A94 /* URL.swift */,
				4E0BD9A526EA0159005A4A94 /* ModalScrollViewController.swift */,
				4E0BD9A326EA0159005A4A94 /* ModalViewController.swift */,
				4E0BD9A226EA0159005A4A94 /* ScrollViewController.swift */,
				4E0BD99F26EA0159005A4A94 /* UIViewController.swift */,
				4E0BD9A026EA0159005A4A94 /* ViewController.swift */,
			);
			path = Base;
			sourceTree = "<group>";
		};
		4E3BE7EA26EA7E57000F9069 /* Map */ = {
			isa = PBXGroup;
			children = (
				4E0BD9C126EA02BA005A4A94 /* CLLocationManager.swift */,
				4E0BD9C826EA02BA005A4A94 /* Location.swift */,
				4E0BD9E126EA04EE005A4A94 /* LocationError.swift */,
				4E0BD9C426EA02BA005A4A94 /* LocationService.swift */,
				4E0BD9DF26EA04EE005A4A94 /* MapError.swift */,
				4E0BD9B126EA0170005A4A94 /* MapViewController.swift */,
				4E0BD9C726EA02BA005A4A94 /* MKMapView.swift */,
			);
			path = Map;
			sourceTree = "<group>";
		};
		4E3BE7EB26EA7EF1000F9069 /* Photo */ = {
			isa = PBXGroup;
			children = (
				4E0BD9CA26EA02BA005A4A94 /* AVCaptureDevice.swift */,
				4E0BD9C926EA02BA005A4A94 /* AVCaptureVideoOrientation.swift */,
				4E0BD9C226EA02BA005A4A94 /* CameraViewController.swift */,
				4E0BD9C326EA02BA005A4A94 /* CaptureButton.swift */,
				4E0BD9C526EA02BA005A4A94 /* MediaCommentLabel.swift */,
				4E0BD9A126EA0159005A4A94 /* PhotoViewController.swift */,
			);
			path = Photo;
			sourceTree = "<group>";
		};
/* End PBXGroup section */

/* Begin PBXNativeTarget section */
		4E0BD97C26E9FC66005A4A94 /* SwiftyMaps */ = {
			isa = PBXNativeTarget;
			buildConfigurationList = 4E0BD99126E9FC67005A4A94 /* Build configuration list for PBXNativeTarget "SwiftyMaps" */;
			buildPhases = (
				4E0BD97926E9FC66005A4A94 /* Sources */,
				4E0BD97A26E9FC66005A4A94 /* Frameworks */,
				4E0BD97B26E9FC66005A4A94 /* Resources */,
			);
			buildRules = (
			);
			dependencies = (
			);
			name = SwiftyMaps;
			packageProductDependencies = (
				4E0BD99526E9FF6D005A4A94 /* SwiftyIOSViewExtensions */,
			);
			productName = SwiftyMapViewer;
			productReference = 4E0BD97D26E9FC66005A4A94 /* SwiftyMaps.app */;
			productType = "com.apple.product-type.application";
		};
/* End PBXNativeTarget section */

/* Begin PBXProject section */
		4E0BD97526E9FC66005A4A94 /* Project object */ = {
			isa = PBXProject;
			attributes = {
				LastSwiftUpdateCheck = 1250;
				LastUpgradeCheck = 1250;
				TargetAttributes = {
					4E0BD97C26E9FC66005A4A94 = {
						CreatedOnToolsVersion = 12.5.1;
					};
				};
			};
			buildConfigurationList = 4E0BD97826E9FC66005A4A94 /* Build configuration list for PBXProject "SwiftyMaps" */;
			compatibilityVersion = "Xcode 9.3";
			developmentRegion = en;
			hasScannedForEncodings = 0;
			knownRegions = (
				en,
				Base,
				de,
			);
			mainGroup = 4E0BD97426E9FC66005A4A94;
			packageReferences = (
				4E0BD99426E9FF6D005A4A94 /* XCRemoteSwiftPackageReference "SwiftyIOSViewExtensions" */,
			);
			productRefGroup = 4E0BD97E26E9FC66005A4A94 /* Products */;
			projectDirPath = "";
			projectRoot = "";
			targets = (
				4E0BD97C26E9FC66005A4A94 /* SwiftyMaps */,
			);
		};
/* End PBXProject section */

/* Begin PBXResourcesBuildPhase section */
		4E0BD97B26E9FC66005A4A94 /* Resources */ = {
			isa = PBXResourcesBuildPhase;
			buildActionMask = 2147483647;
			files = (
				4E0BD98D26E9FC67005A4A94 /* LaunchScreen.storyboard in Resources */,
				4E0BD9DB26EA043D005A4A94 /* Localizable.strings in Resources */,
				4E0BD98A26E9FC67005A4A94 /* Assets.xcassets in Resources */,
			);
			runOnlyForDeploymentPostprocessing = 0;
		};
/* End PBXResourcesBuildPhase section */

/* Begin PBXSourcesBuildPhase section */
		4E0BD97926E9FC66005A4A94 /* Sources */ = {
			isa = PBXSourcesBuildPhase;
			buildActionMask = 2147483647;
			files = (
				4E0BD9A826EA0159005A4A94 /* ViewController.swift in Sources */,
				4E0BD9BC26EA0239005A4A94 /* Codable.swift in Sources */,
				4E0BD98126E9FC66005A4A94 /* AppDelegate.swift in Sources */,
				4E0BD9B326EA0170005A4A94 /* AppInfoViewController.swift in Sources */,
				4E0BD9AA26EA0159005A4A94 /* ScrollViewController.swift in Sources */,
				4E0BD9D226EA02BA005A4A94 /* Location.swift in Sources */,
				4E0BD9D126EA02BA005A4A94 /* MKMapView.swift in Sources */,
				4E0BD9CD26EA02BA005A4A94 /* CaptureButton.swift in Sources */,
				4E0BD9BF26EA0239005A4A94 /* URL.swift in Sources */,
				4E0BD9BD26EA0239005A4A94 /* Date.swift in Sources */,
				4E0BD9CB26EA02BA005A4A94 /* CLLocationManager.swift in Sources */,
				4E0BD9CE26EA02BA005A4A94 /* LocationService.swift in Sources */,
				4E0BD9CF26EA02BA005A4A94 /* MediaCommentLabel.swift in Sources */,
				4E0BD98326E9FC66005A4A94 /* SceneDelegate.swift in Sources */,
				4E0BD9CC26EA02BA005A4A94 /* CameraViewController.swift in Sources */,
				4E0BD9E326EA04EE005A4A94 /* MapError.swift in Sources */,
				4E0BD9A926EA0159005A4A94 /* PhotoViewController.swift in Sources */,
				4E0BD9D326EA02BA005A4A94 /* AVCaptureVideoOrientation.swift in Sources */,
				4E0BD9D826EA037F005A4A94 /* FileController.swift in Sources */,
				4E0BD9E526EA04EE005A4A94 /* LocationError.swift in Sources */,
				4E3BE7ED26EA80A5000F9069 /* EditViewController.swift in Sources */,
				4E0BD99926EA0039005A4A94 /* Statics.swift in Sources */,
				4E0BD9B426EA0170005A4A94 /* SettingsViewController.swift in Sources */,
				4E0BD9BE26EA0239005A4A94 /* String.swift in Sources */,
				4E0BD9E426EA04EE005A4A94 /* AuthorizationError.swift in Sources */,
				4E0BD9C026EA0239005A4A94 /* Settings.swift in Sources */,
				4E0BD9E626EA04EE005A4A94 /* FileError.swift in Sources */,
				4E0BD9D726EA037F005A4A94 /* DataController.swift in Sources */,
				4E0BD9AD26EA0159005A4A94 /* ModalScrollViewController.swift in Sources */,
				4E0BD9AB26EA0159005A4A94 /* ModalViewController.swift in Sources */,
				4E0BD9D426EA02BA005A4A94 /* AVCaptureDevice.swift in Sources */,
				4E0BD9B526EA0170005A4A94 /* MapViewController.swift in Sources */,
				4E0BD9A726EA0159005A4A94 /* UIViewController.swift in Sources */,
			);
			runOnlyForDeploymentPostprocessing = 0;
		};
/* End PBXSourcesBuildPhase section */

/* Begin PBXVariantGroup section */
		4E0BD98B26E9FC67005A4A94 /* LaunchScreen.storyboard */ = {
			isa = PBXVariantGroup;
			children = (
				4E0BD98C26E9FC67005A4A94 /* Base */,
			);
			name = LaunchScreen.storyboard;
			sourceTree = "<group>";
		};
		4E0BD9DD26EA043D005A4A94 /* Localizable.strings */ = {
			isa = PBXVariantGroup;
			children = (
				4E0BD9DC26EA043D005A4A94 /* en */,
				4E0BD9DE26EA0467005A4A94 /* de */,
			);
			name = Localizable.strings;
			sourceTree = "<group>";
		};
/* End PBXVariantGroup section */

/* Begin XCBuildConfiguration section */
		4E0BD98F26E9FC67005A4A94 /* Debug */ = {
			isa = XCBuildConfiguration;
			buildSettings = {
				ALWAYS_SEARCH_USER_PATHS = NO;
				CLANG_ANALYZER_LOCALIZABILITY_NONLOCALIZED = YES;
				CLANG_ANALYZER_NONNULL = YES;
				CLANG_ANALYZER_NUMBER_OBJECT_CONVERSION = YES_AGGRESSIVE;
				CLANG_CXX_LANGUAGE_STANDARD = "gnu++14";
				CLANG_CXX_LIBRARY = "libc++";
				CLANG_ENABLE_MODULES = YES;
				CLANG_ENABLE_OBJC_ARC = YES;
				CLANG_ENABLE_OBJC_WEAK = YES;
				CLANG_WARN_BLOCK_CAPTURE_AUTORELEASING = YES;
				CLANG_WARN_BOOL_CONVERSION = YES;
				CLANG_WARN_COMMA = YES;
				CLANG_WARN_CONSTANT_CONVERSION = YES;
				CLANG_WARN_DEPRECATED_OBJC_IMPLEMENTATIONS = YES;
				CLANG_WARN_DIRECT_OBJC_ISA_USAGE = YES_ERROR;
				CLANG_WARN_DOCUMENTATION_COMMENTS = YES;
				CLANG_WARN_EMPTY_BODY = YES;
				CLANG_WARN_ENUM_CONVERSION = YES;
				CLANG_WARN_INFINITE_RECURSION = YES;
				CLANG_WARN_INT_CONVERSION = YES;
				CLANG_WARN_NON_LITERAL_NULL_CONVERSION = YES;
				CLANG_WARN_OBJC_IMPLICIT_RETAIN_SELF = YES;
				CLANG_WARN_OBJC_LITERAL_CONVERSION = YES;
				CLANG_WARN_OBJC_ROOT_CLASS = YES_ERROR;
				CLANG_WARN_QUOTED_INCLUDE_IN_FRAMEWORK_HEADER = YES;
				CLANG_WARN_RANGE_LOOP_ANALYSIS = YES;
				CLANG_WARN_STRICT_PROTOTYPES = YES;
				CLANG_WARN_SUSPICIOUS_MOVE = YES;
				CLANG_WARN_UNGUARDED_AVAILABILITY = YES_AGGRESSIVE;
				CLANG_WARN_UNREACHABLE_CODE = YES;
				CLANG_WARN__DUPLICATE_METHOD_MATCH = YES;
				COPY_PHASE_STRIP = NO;
				DEBUG_INFORMATION_FORMAT = dwarf;
				ENABLE_STRICT_OBJC_MSGSEND = YES;
				ENABLE_TESTABILITY = YES;
				GCC_C_LANGUAGE_STANDARD = gnu11;
				GCC_DYNAMIC_NO_PIC = NO;
				GCC_NO_COMMON_BLOCKS = YES;
				GCC_OPTIMIZATION_LEVEL = 0;
				GCC_PREPROCESSOR_DEFINITIONS = (
					"DEBUG=1",
					"$(inherited)",
				);
				GCC_WARN_64_TO_32_BIT_CONVERSION = YES;
				GCC_WARN_ABOUT_RETURN_TYPE = YES_ERROR;
				GCC_WARN_UNDECLARED_SELECTOR = YES;
				GCC_WARN_UNINITIALIZED_AUTOS = YES_AGGRESSIVE;
				GCC_WARN_UNUSED_FUNCTION = YES;
				GCC_WARN_UNUSED_VARIABLE = YES;
				IPHONEOS_DEPLOYMENT_TARGET = 13.2;
				MTL_ENABLE_DEBUG_INFO = INCLUDE_SOURCE;
				MTL_FAST_MATH = YES;
				ONLY_ACTIVE_ARCH = YES;
				SDKROOT = iphoneos;
				SWIFT_ACTIVE_COMPILATION_CONDITIONS = DEBUG;
				SWIFT_OPTIMIZATION_LEVEL = "-Onone";
			};
			name = Debug;
		};
		4E0BD99026E9FC67005A4A94 /* Release */ = {
			isa = XCBuildConfiguration;
			buildSettings = {
				ALWAYS_SEARCH_USER_PATHS = NO;
				CLANG_ANALYZER_LOCALIZABILITY_NONLOCALIZED = YES;
				CLANG_ANALYZER_NONNULL = YES;
				CLANG_ANALYZER_NUMBER_OBJECT_CONVERSION = YES_AGGRESSIVE;
				CLANG_CXX_LANGUAGE_STANDARD = "gnu++14";
				CLANG_CXX_LIBRARY = "libc++";
				CLANG_ENABLE_MODULES = YES;
				CLANG_ENABLE_OBJC_ARC = YES;
				CLANG_ENABLE_OBJC_WEAK = YES;
				CLANG_WARN_BLOCK_CAPTURE_AUTORELEASING = YES;
				CLANG_WARN_BOOL_CONVERSION = YES;
				CLANG_WARN_COMMA = YES;
				CLANG_WARN_CONSTANT_CONVERSION = YES;
				CLANG_WARN_DEPRECATED_OBJC_IMPLEMENTATIONS = YES;
				CLANG_WARN_DIRECT_OBJC_ISA_USAGE = YES_ERROR;
				CLANG_WARN_DOCUMENTATION_COMMENTS = YES;
				CLANG_WARN_EMPTY_BODY = YES;
				CLANG_WARN_ENUM_CONVERSION = YES;
				CLANG_WARN_INFINITE_RECURSION = YES;
				CLANG_WARN_INT_CONVERSION = YES;
				CLANG_WARN_NON_LITERAL_NULL_CONVERSION = YES;
				CLANG_WARN_OBJC_IMPLICIT_RETAIN_SELF = YES;
				CLANG_WARN_OBJC_LITERAL_CONVERSION = YES;
				CLANG_WARN_OBJC_ROOT_CLASS = YES_ERROR;
				CLANG_WARN_QUOTED_INCLUDE_IN_FRAMEWORK_HEADER = YES;
				CLANG_WARN_RANGE_LOOP_ANALYSIS = YES;
				CLANG_WARN_STRICT_PROTOTYPES = YES;
				CLANG_WARN_SUSPICIOUS_MOVE = YES;
				CLANG_WARN_UNGUARDED_AVAILABILITY = YES_AGGRESSIVE;
				CLANG_WARN_UNREACHABLE_CODE = YES;
				CLANG_WARN__DUPLICATE_METHOD_MATCH = YES;
				COPY_PHASE_STRIP = NO;
				DEBUG_INFORMATION_FORMAT = "dwarf-with-dsym";
				ENABLE_NS_ASSERTIONS = NO;
				ENABLE_STRICT_OBJC_MSGSEND = YES;
				GCC_C_LANGUAGE_STANDARD = gnu11;
				GCC_NO_COMMON_BLOCKS = YES;
				GCC_WARN_64_TO_32_BIT_CONVERSION = YES;
				GCC_WARN_ABOUT_RETURN_TYPE = YES_ERROR;
				GCC_WARN_UNDECLARED_SELECTOR = YES;
				GCC_WARN_UNINITIALIZED_AUTOS = YES_AGGRESSIVE;
				GCC_WARN_UNUSED_FUNCTION = YES;
				GCC_WARN_UNUSED_VARIABLE = YES;
				IPHONEOS_DEPLOYMENT_TARGET = 13.2;
				MTL_ENABLE_DEBUG_INFO = NO;
				MTL_FAST_MATH = YES;
				SDKROOT = iphoneos;
				SWIFT_COMPILATION_MODE = wholemodule;
				SWIFT_OPTIMIZATION_LEVEL = "-O";
				VALIDATE_PRODUCT = YES;
			};
			name = Release;
		};
		4E0BD99226E9FC67005A4A94 /* Debug */ = {
			isa = XCBuildConfiguration;
			buildSettings = {
				ASSETCATALOG_COMPILER_APPICON_NAME = AppIcon;
				ASSETCATALOG_COMPILER_GLOBAL_ACCENT_COLOR_NAME = AccentColor;
				CODE_SIGN_STYLE = Automatic;
				DEVELOPMENT_TEAM = 5UG99476V8;
				INFOPLIST_FILE = SwiftyMaps/Info.plist;
				LD_RUNPATH_SEARCH_PATHS = (
					"$(inherited)",
					"@executable_path/Frameworks",
				);
				PRODUCT_BUNDLE_IDENTIFIER = de.elbe5.SwiftyMaps;
				PRODUCT_NAME = "$(TARGET_NAME)";
				SWIFT_VERSION = 5.0;
				TARGETED_DEVICE_FAMILY = "1,2";
			};
			name = Debug;
		};
		4E0BD99326E9FC67005A4A94 /* Release */ = {
			isa = XCBuildConfiguration;
			buildSettings = {
				ASSETCATALOG_COMPILER_APPICON_NAME = AppIcon;
				ASSETCATALOG_COMPILER_GLOBAL_ACCENT_COLOR_NAME = AccentColor;
				CODE_SIGN_STYLE = Automatic;
				DEVELOPMENT_TEAM = 5UG99476V8;
				INFOPLIST_FILE = SwiftyMaps/Info.plist;
				LD_RUNPATH_SEARCH_PATHS = (
					"$(inherited)",
					"@executable_path/Frameworks",
				);
				PRODUCT_BUNDLE_IDENTIFIER = de.elbe5.SwiftyMaps;
				PRODUCT_NAME = "$(TARGET_NAME)";
				SWIFT_VERSION = 5.0;
				TARGETED_DEVICE_FAMILY = "1,2";
			};
			name = Release;
		};
/* End XCBuildConfiguration section */

/* Begin XCConfigurationList section */
		4E0BD97826E9FC66005A4A94 /* Build configuration list for PBXProject "SwiftyMaps" */ = {
			isa = XCConfigurationList;
			buildConfigurations = (
				4E0BD98F26E9FC67005A4A94 /* Debug */,
				4E0BD99026E9FC67005A4A94 /* Release */,
			);
			defaultConfigurationIsVisible = 0;
			defaultConfigurationName = Release;
		};
		4E0BD99126E9FC67005A4A94 /* Build configuration list for PBXNativeTarget "SwiftyMaps" */ = {
			isa = XCConfigurationList;
			buildConfigurations = (
				4E0BD99226E9FC67005A4A94 /* Debug */,
				4E0BD99326E9FC67005A4A94 /* Release */,
			);
			defaultConfigurationIsVisible = 0;
			defaultConfigurationName = Release;
		};
/* End XCConfigurationList section */

/* Begin XCRemoteSwiftPackageReference section */
		4E0BD99426E9FF6D005A4A94 /* XCRemoteSwiftPackageReference "SwiftyIOSViewExtensions" */ = {
			isa = XCRemoteSwiftPackageReference;
			repositoryURL = "https://github.com/mr-elbe5/SwiftyIOSViewExtensions";
			requirement = {
				kind = upToNextMajorVersion;
				minimumVersion = 1.0.5;
			};
		};
/* End XCRemoteSwiftPackageReference section */

/* Begin XCSwiftPackageProductDependency section */
		4E0BD99526E9FF6D005A4A94 /* SwiftyIOSViewExtensions */ = {
			isa = XCSwiftPackageProductDependency;
			package = 4E0BD99426E9FF6D005A4A94 /* XCRemoteSwiftPackageReference "SwiftyIOSViewExtensions" */;
			productName = SwiftyIOSViewExtensions;
		};
/* End XCSwiftPackageProductDependency section */
	};
	rootObject = 4E0BD97526E9FC66005A4A94 /* Project object */;
}
