// !$*UTF8*$!
{
	archiveVersion = 1;
	classes = {
	};
	objectVersion = 50;
	objects = {

/* Begin PBXBuildFile section */
		4E025E3D274E420800D56ED7 /* TimeInterval.swift in Sources */ = {isa = PBXBuildFile; fileRef = 4E025E3C274E420800D56ED7 /* TimeInterval.swift */; };
		4E0BD98126E9FC66005A4A94 /* AppDelegate.swift in Sources */ = {isa = PBXBuildFile; fileRef = 4E0BD98026E9FC66005A4A94 /* AppDelegate.swift */; };
		4E0BD98326E9FC66005A4A94 /* SceneDelegate.swift in Sources */ = {isa = PBXBuildFile; fileRef = 4E0BD98226E9FC66005A4A94 /* SceneDelegate.swift */; };
		4E0BD98A26E9FC67005A4A94 /* Assets.xcassets in Resources */ = {isa = PBXBuildFile; fileRef = 4E0BD98926E9FC67005A4A94 /* Assets.xcassets */; };
		4E0BD98D26E9FC67005A4A94 /* LaunchScreen.storyboard in Resources */ = {isa = PBXBuildFile; fileRef = 4E0BD98B26E9FC67005A4A94 /* LaunchScreen.storyboard */; };
		4E0BD9A726EA0159005A4A94 /* UIViewController.swift in Sources */ = {isa = PBXBuildFile; fileRef = 4E0BD99F26EA0159005A4A94 /* UIViewController.swift */; };
		4E0BD9A926EA0159005A4A94 /* PhotoViewController.swift in Sources */ = {isa = PBXBuildFile; fileRef = 4E0BD9A126EA0159005A4A94 /* PhotoViewController.swift */; };
		4E0BD9AA26EA0159005A4A94 /* HeaderScrollViewController.swift in Sources */ = {isa = PBXBuildFile; fileRef = 4E0BD9A226EA0159005A4A94 /* HeaderScrollViewController.swift */; };
		4E0BD9B326EA0170005A4A94 /* InfoViewController.swift in Sources */ = {isa = PBXBuildFile; fileRef = 4E0BD9AF26EA0170005A4A94 /* InfoViewController.swift */; };
		4E0BD9BC26EA0239005A4A94 /* Codable.swift in Sources */ = {isa = PBXBuildFile; fileRef = 4E0BD9B726EA0239005A4A94 /* Codable.swift */; };
		4E0BD9BD26EA0239005A4A94 /* Date.swift in Sources */ = {isa = PBXBuildFile; fileRef = 4E0BD9B826EA0239005A4A94 /* Date.swift */; };
		4E0BD9BE26EA0239005A4A94 /* String.swift in Sources */ = {isa = PBXBuildFile; fileRef = 4E0BD9B926EA0239005A4A94 /* String.swift */; };
		4E0BD9BF26EA0239005A4A94 /* URL.swift in Sources */ = {isa = PBXBuildFile; fileRef = 4E0BD9BA26EA0239005A4A94 /* URL.swift */; };
		4E0BD9CC26EA02BA005A4A94 /* CameraViewController.swift in Sources */ = {isa = PBXBuildFile; fileRef = 4E0BD9C226EA02BA005A4A94 /* CameraViewController.swift */; };
		4E0BD9CD26EA02BA005A4A94 /* CaptureButton.swift in Sources */ = {isa = PBXBuildFile; fileRef = 4E0BD9C326EA02BA005A4A94 /* CaptureButton.swift */; };
		4E0BD9CE26EA02BA005A4A94 /* LocationService.swift in Sources */ = {isa = PBXBuildFile; fileRef = 4E0BD9C426EA02BA005A4A94 /* LocationService.swift */; };
		4E0BD9D326EA02BA005A4A94 /* AVCaptureVideoOrientation.swift in Sources */ = {isa = PBXBuildFile; fileRef = 4E0BD9C926EA02BA005A4A94 /* AVCaptureVideoOrientation.swift */; };
		4E0BD9D426EA02BA005A4A94 /* AVCaptureDevice.swift in Sources */ = {isa = PBXBuildFile; fileRef = 4E0BD9CA26EA02BA005A4A94 /* AVCaptureDevice.swift */; };
		4E0BD9D726EA037F005A4A94 /* DataController.swift in Sources */ = {isa = PBXBuildFile; fileRef = 4E0BD9D526EA037F005A4A94 /* DataController.swift */; };
		4E0BD9D826EA037F005A4A94 /* FileController.swift in Sources */ = {isa = PBXBuildFile; fileRef = 4E0BD9D626EA037F005A4A94 /* FileController.swift */; };
		4E0BD9DB26EA043D005A4A94 /* Localizable.strings in Resources */ = {isa = PBXBuildFile; fileRef = 4E0BD9DD26EA043D005A4A94 /* Localizable.strings */; };
		4E0BD9E426EA04EE005A4A94 /* AuthorizationError.swift in Sources */ = {isa = PBXBuildFile; fileRef = 4E0BD9E026EA04EE005A4A94 /* AuthorizationError.swift */; };
		4E0BD9E626EA04EE005A4A94 /* FileError.swift in Sources */ = {isa = PBXBuildFile; fileRef = 4E0BD9E226EA04EE005A4A94 /* FileError.swift */; };
		4E1B80F12732ED43003ED6B0 /* MapViewController.swift in Sources */ = {isa = PBXBuildFile; fileRef = 4E1B80F02732ED43003ED6B0 /* MapViewController.swift */; };
		4E1B81012732EDA2003ED6B0 /* PreferencesViewController.swift in Sources */ = {isa = PBXBuildFile; fileRef = 4E1B80FF2732EDA2003ED6B0 /* PreferencesViewController.swift */; };
		4E1B81022732EDA2003ED6B0 /* Preferences.swift in Sources */ = {isa = PBXBuildFile; fileRef = 4E1B81002732EDA2003ED6B0 /* Preferences.swift */; };
		4E1B81122732EDC5003ED6B0 /* UserLocationView.swift in Sources */ = {isa = PBXBuildFile; fileRef = 4E1B81032732EDC4003ED6B0 /* UserLocationView.swift */; };
		4E1B81132732EDC5003ED6B0 /* TileLayerView.swift in Sources */ = {isa = PBXBuildFile; fileRef = 4E1B81042732EDC4003ED6B0 /* TileLayerView.swift */; };
		4E1B81142732EDC5003ED6B0 /* ControlLayerView.swift in Sources */ = {isa = PBXBuildFile; fileRef = 4E1B81052732EDC4003ED6B0 /* ControlLayerView.swift */; };
		4E1B81162732EDC5003ED6B0 /* MapTiles.swift in Sources */ = {isa = PBXBuildFile; fileRef = 4E1B81072732EDC4003ED6B0 /* MapTiles.swift */; };
		4E1B81172732EDC5003ED6B0 /* LocationLayerView.swift in Sources */ = {isa = PBXBuildFile; fileRef = 4E1B81082732EDC4003ED6B0 /* LocationLayerView.swift */; };
		4E1B81182732EDC5003ED6B0 /* LocationPin.swift in Sources */ = {isa = PBXBuildFile; fileRef = 4E1B81092732EDC5003ED6B0 /* LocationPin.swift */; };
		4E1B811A2732EDC5003ED6B0 /* NormalizedPlanetPoint.swift in Sources */ = {isa = PBXBuildFile; fileRef = 4E1B810B2732EDC5003ED6B0 /* NormalizedPlanetPoint.swift */; };
		4E1B811B2732EDC5003ED6B0 /* LocationPool.swift in Sources */ = {isa = PBXBuildFile; fileRef = 4E1B810C2732EDC5003ED6B0 /* LocationPool.swift */; };
		4E1B811C2732EDC5003ED6B0 /* MapTile.swift in Sources */ = {isa = PBXBuildFile; fileRef = 4E1B810D2732EDC5003ED6B0 /* MapTile.swift */; };
		4E1B811D2732EDC5003ED6B0 /* NormalizedPlanetRect.swift in Sources */ = {isa = PBXBuildFile; fileRef = 4E1B810E2732EDC5003ED6B0 /* NormalizedPlanetRect.swift */; };
		4E1B811E2732EDC5003ED6B0 /* MapView.swift in Sources */ = {isa = PBXBuildFile; fileRef = 4E1B810F2732EDC5003ED6B0 /* MapView.swift */; };
		4E1B81202732EDC5003ED6B0 /* MapStatics.swift in Sources */ = {isa = PBXBuildFile; fileRef = 4E1B81112732EDC5003ED6B0 /* MapStatics.swift */; };
		4E1D0E1B274BA72100F3D584 /* TrackCell.swift in Sources */ = {isa = PBXBuildFile; fileRef = 4E1D0E1A274BA72100F3D584 /* TrackCell.swift */; };
		4E1D0E1E274BCDD200F3D584 /* GPXCreator.swift in Sources */ = {isa = PBXBuildFile; fileRef = 4E1D0E1D274BCDD200F3D584 /* GPXCreator.swift */; };
		4E1D0E20274BDB1900F3D584 /* TrackDetailViewController.swift in Sources */ = {isa = PBXBuildFile; fileRef = 4E1D0E1F274BDB1900F3D584 /* TrackDetailViewController.swift */; };
		4E1D0E24274C223C00F3D584 /* LocationCell.swift in Sources */ = {isa = PBXBuildFile; fileRef = 4E1D0E23274C223C00F3D584 /* LocationCell.swift */; };
		4E2088DF27439C440097BFBA /* TrackLayerView.swift in Sources */ = {isa = PBXBuildFile; fileRef = 4E2088DE27439C440097BFBA /* TrackLayerView.swift */; };
		4E2088E32743A24E0097BFBA /* TrackData.swift in Sources */ = {isa = PBXBuildFile; fileRef = 4E2088E22743A24E0097BFBA /* TrackData.swift */; };
		4E2088E92743AD920097BFBA /* CLLocationCoordinate2D.swift in Sources */ = {isa = PBXBuildFile; fileRef = 4E2088E82743AD920097BFBA /* CLLocationCoordinate2D.swift */; };
		4E24F47327345D11004E69C2 /* IconInfoText.swift in Sources */ = {isa = PBXBuildFile; fileRef = 4E24F45B27345D11004E69C2 /* IconInfoText.swift */; };
		4E24F47427345D11004E69C2 /* IconButton.swift in Sources */ = {isa = PBXBuildFile; fileRef = 4E24F45C27345D11004E69C2 /* IconButton.swift */; };
		4E24F47527345D11004E69C2 /* CGRect.swift in Sources */ = {isa = PBXBuildFile; fileRef = 4E24F45D27345D11004E69C2 /* CGRect.swift */; };
		4E24F47627345D11004E69C2 /* CGSize.swift in Sources */ = {isa = PBXBuildFile; fileRef = 4E24F45E27345D11004E69C2 /* CGSize.swift */; };
		4E24F47A27345D11004E69C2 /* UILabel.swift in Sources */ = {isa = PBXBuildFile; fileRef = 4E24F46227345D11004E69C2 /* UILabel.swift */; };
		4E24F47B27345D11004E69C2 /* UIStackView.swift in Sources */ = {isa = PBXBuildFile; fileRef = 4E24F46327345D11004E69C2 /* UIStackView.swift */; };
		4E24F47C27345D11004E69C2 /* Indicator.swift in Sources */ = {isa = PBXBuildFile; fileRef = 4E24F46427345D11004E69C2 /* Indicator.swift */; };
		4E24F47D27345D11004E69C2 /* UIButton.swift in Sources */ = {isa = PBXBuildFile; fileRef = 4E24F46527345D11004E69C2 /* UIButton.swift */; };
		4E24F47E27345D11004E69C2 /* UITextField.swift in Sources */ = {isa = PBXBuildFile; fileRef = 4E24F46627345D11004E69C2 /* UITextField.swift */; };
		4E24F47F27345D11004E69C2 /* Insets.swift in Sources */ = {isa = PBXBuildFile; fileRef = 4E24F46727345D11004E69C2 /* Insets.swift */; };
		4E24F48027345D11004E69C2 /* UITextView.swift in Sources */ = {isa = PBXBuildFile; fileRef = 4E24F46827345D11004E69C2 /* UITextView.swift */; };
		4E24F48127345D11004E69C2 /* TextEditArea.swift in Sources */ = {isa = PBXBuildFile; fileRef = 4E24F46927345D11004E69C2 /* TextEditArea.swift */; };
		4E24F48227345D11004E69C2 /* UIView.swift in Sources */ = {isa = PBXBuildFile; fileRef = 4E24F46A27345D11004E69C2 /* UIView.swift */; };
		4E24F48327345D11004E69C2 /* LabeledTextField.swift in Sources */ = {isa = PBXBuildFile; fileRef = 4E24F46B27345D11004E69C2 /* LabeledTextField.swift */; };
		4E24F48727345D11004E69C2 /* UIImageView.swift in Sources */ = {isa = PBXBuildFile; fileRef = 4E24F46F27345D11004E69C2 /* UIImageView.swift */; };
		4E24F48827345D11004E69C2 /* UIImage.swift in Sources */ = {isa = PBXBuildFile; fileRef = 4E24F47027345D11004E69C2 /* UIImage.swift */; };
		4E24F48927345D11004E69C2 /* TextButton.swift in Sources */ = {isa = PBXBuildFile; fileRef = 4E24F47127345D11004E69C2 /* TextButton.swift */; };
		4E24F48A27345D11004E69C2 /* UIScrollView.swift in Sources */ = {isa = PBXBuildFile; fileRef = 4E24F47227345D11004E69C2 /* UIScrollView.swift */; };
		4E3F12922778A5A6006F9C31 /* CLLocation.swift in Sources */ = {isa = PBXBuildFile; fileRef = 4E3F12912778A5A6006F9C31 /* CLLocation.swift */; };
		4E47891526F9C10000369E17 /* PhotoCaptureViewController.swift in Sources */ = {isa = PBXBuildFile; fileRef = 4E47891426F9C10000369E17 /* PhotoCaptureViewController.swift */; };
		4E4B758D273AA28100CB4B41 /* PhotoData.swift in Sources */ = {isa = PBXBuildFile; fileRef = 4E4B758C273AA28100CB4B41 /* PhotoData.swift */; };
		4E4D6A0127399CA1006CD741 /* LabeledSwitchView.swift in Sources */ = {isa = PBXBuildFile; fileRef = 4E4D6A0027399CA1006CD741 /* LabeledSwitchView.swift */; };
		4E52F3E8273FD2F30046DC98 /* MapRegion.swift in Sources */ = {isa = PBXBuildFile; fileRef = 4E52F3E7273FD2F30046DC98 /* MapRegion.swift */; };
		4E68B5BE275F59F00025A80A /* LocationDialog.swift in Sources */ = {isa = PBXBuildFile; fileRef = 4E68B5BD275F59F00025A80A /* LocationDialog.swift */; };
		4E79FBAF275B9326001F0481 /* LocationGroup.swift in Sources */ = {isa = PBXBuildFile; fileRef = 4E79FBAE275B9326001F0481 /* LocationGroup.swift */; };
		4E79FBB1275BCE0C001F0481 /* LocationGroupPin.swift in Sources */ = {isa = PBXBuildFile; fileRef = 4E79FBB0275BCE0C001F0481 /* LocationGroupPin.swift */; };
		4E79FBB3275BCE67001F0481 /* Pin.swift in Sources */ = {isa = PBXBuildFile; fileRef = 4E79FBB2275BCE67001F0481 /* Pin.swift */; };
		4E89173F273688580046AC91 /* LocationDetailViewController.swift in Sources */ = {isa = PBXBuildFile; fileRef = 4E89173E273688580046AC91 /* LocationDetailViewController.swift */; };
		4E92113B2741127500DC5226 /* AsyncOperation.swift in Sources */ = {isa = PBXBuildFile; fileRef = 4E92113A2741127500DC5226 /* AsyncOperation.swift */; };
		4EA45A642747CA22001F3533 /* GPXParser.swift in Sources */ = {isa = PBXBuildFile; fileRef = 4EA45A632747CA22001F3533 /* GPXParser.swift */; };
		4EA835E8277F1BCE001BA2E9 /* MapPosition.swift in Sources */ = {isa = PBXBuildFile; fileRef = 4EA835E7277F1BCE001BA2E9 /* MapPosition.swift */; };
		4EA9B7CE27413F0B00C91B68 /* SafeMap.swift in Sources */ = {isa = PBXBuildFile; fileRef = 4EA9B7CD27413F0B00C91B68 /* SafeMap.swift */; };
		4EB76A9A2760EF9F00D64B6D /* PhotoListItemView.swift in Sources */ = {isa = PBXBuildFile; fileRef = 4EB76A992760EF9F00D64B6D /* PhotoListItemView.swift */; };
		4ECFC99B26FB551B0083977B /* TileDownloadOperation.swift in Sources */ = {isa = PBXBuildFile; fileRef = 4ECFC99A26FB551B0083977B /* TileDownloadOperation.swift */; };
		4ECFC99F26FBB8AF0083977B /* MapPreloadViewController.swift in Sources */ = {isa = PBXBuildFile; fileRef = 4ECFC99E26FBB8AF0083977B /* MapPreloadViewController.swift */; };
		4ED5DF44273E831B00549AF8 /* LocationData.swift in Sources */ = {isa = PBXBuildFile; fileRef = 4ED5DF43273E831B00549AF8 /* LocationData.swift */; };
		4EE6A891275A6E19007FBC67 /* PhotoList.swift in Sources */ = {isa = PBXBuildFile; fileRef = 4EE6A890275A6E19007FBC67 /* PhotoList.swift */; };
		4EF2FD6528732EA9005DBA73 /* MainTabController.swift in Sources */ = {isa = PBXBuildFile; fileRef = 4EF2FD6428732EA9005DBA73 /* MainTabController.swift */; };
		4EF2FD6C2873301D005DBA73 /* TracksViewController.swift in Sources */ = {isa = PBXBuildFile; fileRef = 4EF2FD6B2873301D005DBA73 /* TracksViewController.swift */; };
		4EF2FD6E2873305F005DBA73 /* LocationsViewController.swift in Sources */ = {isa = PBXBuildFile; fileRef = 4EF2FD6D2873305F005DBA73 /* LocationsViewController.swift */; };
		4EF2FD7028733725005DBA73 /* ScrollViewController.swift in Sources */ = {isa = PBXBuildFile; fileRef = 4EF2FD6F28733725005DBA73 /* ScrollViewController.swift */; };
		4EF2FD762876DC28005DBA73 /* HeaderTableViewController.swift in Sources */ = {isa = PBXBuildFile; fileRef = 4EF2FD752876DC28005DBA73 /* HeaderTableViewController.swift */; };
		4EF2FD7828772B4C005DBA73 /* Position.swift in Sources */ = {isa = PBXBuildFile; fileRef = 4EF2FD7728772B4C005DBA73 /* Position.swift */; };
		4EF2FD84287B0EE4005DBA73 /* TrackPool.swift in Sources */ = {isa = PBXBuildFile; fileRef = 4EF2FD83287B0EE4005DBA73 /* TrackPool.swift */; };
		4EF2FD88287B1619005DBA73 /* Array.swift in Sources */ = {isa = PBXBuildFile; fileRef = 4EF2FD86287B1619005DBA73 /* Array.swift */; };
		4EF5FA7727820B2D0004583B /* InfoPlist.strings in Resources */ = {isa = PBXBuildFile; fileRef = 4EF5FA7927820B2D0004583B /* InfoPlist.strings */; };
/* End PBXBuildFile section */

/* Begin PBXFileReference section */
		4E025E3C274E420800D56ED7 /* TimeInterval.swift */ = {isa = PBXFileReference; lastKnownFileType = sourcecode.swift; path = TimeInterval.swift; sourceTree = "<group>"; };
		4E0BD97D26E9FC66005A4A94 /* SwiftyMaps for OSM.app */ = {isa = PBXFileReference; explicitFileType = wrapper.application; includeInIndex = 0; path = "SwiftyMaps for OSM.app"; sourceTree = BUILT_PRODUCTS_DIR; };
		4E0BD98026E9FC66005A4A94 /* AppDelegate.swift */ = {isa = PBXFileReference; lastKnownFileType = sourcecode.swift; path = AppDelegate.swift; sourceTree = "<group>"; };
		4E0BD98226E9FC66005A4A94 /* SceneDelegate.swift */ = {isa = PBXFileReference; lastKnownFileType = sourcecode.swift; path = SceneDelegate.swift; sourceTree = "<group>"; };
		4E0BD98926E9FC67005A4A94 /* Assets.xcassets */ = {isa = PBXFileReference; lastKnownFileType = folder.assetcatalog; path = Assets.xcassets; sourceTree = "<group>"; };
		4E0BD98C26E9FC67005A4A94 /* Base */ = {isa = PBXFileReference; lastKnownFileType = file.storyboard; name = Base; path = Base.lproj/LaunchScreen.storyboard; sourceTree = "<group>"; };
		4E0BD98E26E9FC67005A4A94 /* Info.plist */ = {isa = PBXFileReference; lastKnownFileType = text.plist.xml; path = Info.plist; sourceTree = "<group>"; };
		4E0BD99F26EA0159005A4A94 /* UIViewController.swift */ = {isa = PBXFileReference; fileEncoding = 4; lastKnownFileType = sourcecode.swift; path = UIViewController.swift; sourceTree = "<group>"; };
		4E0BD9A126EA0159005A4A94 /* PhotoViewController.swift */ = {isa = PBXFileReference; fileEncoding = 4; lastKnownFileType = sourcecode.swift; path = PhotoViewController.swift; sourceTree = "<group>"; };
		4E0BD9A226EA0159005A4A94 /* HeaderScrollViewController.swift */ = {isa = PBXFileReference; fileEncoding = 4; lastKnownFileType = sourcecode.swift; path = HeaderScrollViewController.swift; sourceTree = "<group>"; };
		4E0BD9AF26EA0170005A4A94 /* InfoViewController.swift */ = {isa = PBXFileReference; fileEncoding = 4; lastKnownFileType = sourcecode.swift; path = InfoViewController.swift; sourceTree = "<group>"; };
		4E0BD9B726EA0239005A4A94 /* Codable.swift */ = {isa = PBXFileReference; fileEncoding = 4; lastKnownFileType = sourcecode.swift; path = Codable.swift; sourceTree = "<group>"; };
		4E0BD9B826EA0239005A4A94 /* Date.swift */ = {isa = PBXFileReference; fileEncoding = 4; lastKnownFileType = sourcecode.swift; path = Date.swift; sourceTree = "<group>"; };
		4E0BD9B926EA0239005A4A94 /* String.swift */ = {isa = PBXFileReference; fileEncoding = 4; lastKnownFileType = sourcecode.swift; path = String.swift; sourceTree = "<group>"; };
		4E0BD9BA26EA0239005A4A94 /* URL.swift */ = {isa = PBXFileReference; fileEncoding = 4; lastKnownFileType = sourcecode.swift; path = URL.swift; sourceTree = "<group>"; };
		4E0BD9C226EA02BA005A4A94 /* CameraViewController.swift */ = {isa = PBXFileReference; fileEncoding = 4; lastKnownFileType = sourcecode.swift; path = CameraViewController.swift; sourceTree = "<group>"; };
		4E0BD9C326EA02BA005A4A94 /* CaptureButton.swift */ = {isa = PBXFileReference; fileEncoding = 4; lastKnownFileType = sourcecode.swift; path = CaptureButton.swift; sourceTree = "<group>"; };
		4E0BD9C426EA02BA005A4A94 /* LocationService.swift */ = {isa = PBXFileReference; fileEncoding = 4; lastKnownFileType = sourcecode.swift; path = LocationService.swift; sourceTree = "<group>"; };
		4E0BD9C926EA02BA005A4A94 /* AVCaptureVideoOrientation.swift */ = {isa = PBXFileReference; fileEncoding = 4; lastKnownFileType = sourcecode.swift; path = AVCaptureVideoOrientation.swift; sourceTree = "<group>"; };
		4E0BD9CA26EA02BA005A4A94 /* AVCaptureDevice.swift */ = {isa = PBXFileReference; fileEncoding = 4; lastKnownFileType = sourcecode.swift; path = AVCaptureDevice.swift; sourceTree = "<group>"; };
		4E0BD9D526EA037F005A4A94 /* DataController.swift */ = {isa = PBXFileReference; fileEncoding = 4; lastKnownFileType = sourcecode.swift; path = DataController.swift; sourceTree = "<group>"; };
		4E0BD9D626EA037F005A4A94 /* FileController.swift */ = {isa = PBXFileReference; fileEncoding = 4; lastKnownFileType = sourcecode.swift; path = FileController.swift; sourceTree = "<group>"; };
		4E0BD9DC26EA043D005A4A94 /* en */ = {isa = PBXFileReference; lastKnownFileType = text.plist.strings; name = en; path = en.lproj/Localizable.strings; sourceTree = "<group>"; };
		4E0BD9DE26EA0467005A4A94 /* de */ = {isa = PBXFileReference; lastKnownFileType = text.plist.strings; name = de; path = de.lproj/Localizable.strings; sourceTree = "<group>"; };
		4E0BD9E026EA04EE005A4A94 /* AuthorizationError.swift */ = {isa = PBXFileReference; fileEncoding = 4; lastKnownFileType = sourcecode.swift; path = AuthorizationError.swift; sourceTree = "<group>"; };
		4E0BD9E226EA04EE005A4A94 /* FileError.swift */ = {isa = PBXFileReference; fileEncoding = 4; lastKnownFileType = sourcecode.swift; path = FileError.swift; sourceTree = "<group>"; };
		4E1B80F02732ED43003ED6B0 /* MapViewController.swift */ = {isa = PBXFileReference; fileEncoding = 4; lastKnownFileType = sourcecode.swift; path = MapViewController.swift; sourceTree = "<group>"; };
		4E1B80FF2732EDA2003ED6B0 /* PreferencesViewController.swift */ = {isa = PBXFileReference; fileEncoding = 4; lastKnownFileType = sourcecode.swift; path = PreferencesViewController.swift; sourceTree = "<group>"; };
		4E1B81002732EDA2003ED6B0 /* Preferences.swift */ = {isa = PBXFileReference; fileEncoding = 4; lastKnownFileType = sourcecode.swift; path = Preferences.swift; sourceTree = "<group>"; };
		4E1B81032732EDC4003ED6B0 /* UserLocationView.swift */ = {isa = PBXFileReference; fileEncoding = 4; lastKnownFileType = sourcecode.swift; path = UserLocationView.swift; sourceTree = "<group>"; };
		4E1B81042732EDC4003ED6B0 /* TileLayerView.swift */ = {isa = PBXFileReference; fileEncoding = 4; lastKnownFileType = sourcecode.swift; path = TileLayerView.swift; sourceTree = "<group>"; };
		4E1B81052732EDC4003ED6B0 /* ControlLayerView.swift */ = {isa = PBXFileReference; fileEncoding = 4; lastKnownFileType = sourcecode.swift; path = ControlLayerView.swift; sourceTree = "<group>"; };
		4E1B81072732EDC4003ED6B0 /* MapTiles.swift */ = {isa = PBXFileReference; fileEncoding = 4; lastKnownFileType = sourcecode.swift; path = MapTiles.swift; sourceTree = "<group>"; };
		4E1B81082732EDC4003ED6B0 /* LocationLayerView.swift */ = {isa = PBXFileReference; fileEncoding = 4; lastKnownFileType = sourcecode.swift; path = LocationLayerView.swift; sourceTree = "<group>"; };
		4E1B81092732EDC5003ED6B0 /* LocationPin.swift */ = {isa = PBXFileReference; fileEncoding = 4; lastKnownFileType = sourcecode.swift; path = LocationPin.swift; sourceTree = "<group>"; };
		4E1B810B2732EDC5003ED6B0 /* NormalizedPlanetPoint.swift */ = {isa = PBXFileReference; fileEncoding = 4; lastKnownFileType = sourcecode.swift; path = NormalizedPlanetPoint.swift; sourceTree = "<group>"; };
		4E1B810C2732EDC5003ED6B0 /* LocationPool.swift */ = {isa = PBXFileReference; fileEncoding = 4; lastKnownFileType = sourcecode.swift; path = LocationPool.swift; sourceTree = "<group>"; };
		4E1B810D2732EDC5003ED6B0 /* MapTile.swift */ = {isa = PBXFileReference; fileEncoding = 4; lastKnownFileType = sourcecode.swift; path = MapTile.swift; sourceTree = "<group>"; };
		4E1B810E2732EDC5003ED6B0 /* NormalizedPlanetRect.swift */ = {isa = PBXFileReference; fileEncoding = 4; lastKnownFileType = sourcecode.swift; path = NormalizedPlanetRect.swift; sourceTree = "<group>"; };
		4E1B810F2732EDC5003ED6B0 /* MapView.swift */ = {isa = PBXFileReference; fileEncoding = 4; lastKnownFileType = sourcecode.swift; path = MapView.swift; sourceTree = "<group>"; };
		4E1B81112732EDC5003ED6B0 /* MapStatics.swift */ = {isa = PBXFileReference; fileEncoding = 4; lastKnownFileType = sourcecode.swift; path = MapStatics.swift; sourceTree = "<group>"; };
		4E1D0E1A274BA72100F3D584 /* TrackCell.swift */ = {isa = PBXFileReference; lastKnownFileType = sourcecode.swift; path = TrackCell.swift; sourceTree = "<group>"; };
		4E1D0E1D274BCDD200F3D584 /* GPXCreator.swift */ = {isa = PBXFileReference; lastKnownFileType = sourcecode.swift; path = GPXCreator.swift; sourceTree = "<group>"; };
		4E1D0E1F274BDB1900F3D584 /* TrackDetailViewController.swift */ = {isa = PBXFileReference; lastKnownFileType = sourcecode.swift; path = TrackDetailViewController.swift; sourceTree = "<group>"; };
		4E1D0E23274C223C00F3D584 /* LocationCell.swift */ = {isa = PBXFileReference; lastKnownFileType = sourcecode.swift; path = LocationCell.swift; sourceTree = "<group>"; };
		4E2088DE27439C440097BFBA /* TrackLayerView.swift */ = {isa = PBXFileReference; lastKnownFileType = sourcecode.swift; path = TrackLayerView.swift; sourceTree = "<group>"; };
		4E2088E22743A24E0097BFBA /* TrackData.swift */ = {isa = PBXFileReference; lastKnownFileType = sourcecode.swift; path = TrackData.swift; sourceTree = "<group>"; };
		4E2088E82743AD920097BFBA /* CLLocationCoordinate2D.swift */ = {isa = PBXFileReference; lastKnownFileType = sourcecode.swift; path = CLLocationCoordinate2D.swift; sourceTree = "<group>"; };
		4E24F45B27345D11004E69C2 /* IconInfoText.swift */ = {isa = PBXFileReference; fileEncoding = 4; lastKnownFileType = sourcecode.swift; path = IconInfoText.swift; sourceTree = "<group>"; };
		4E24F45C27345D11004E69C2 /* IconButton.swift */ = {isa = PBXFileReference; fileEncoding = 4; lastKnownFileType = sourcecode.swift; path = IconButton.swift; sourceTree = "<group>"; };
		4E24F45D27345D11004E69C2 /* CGRect.swift */ = {isa = PBXFileReference; fileEncoding = 4; lastKnownFileType = sourcecode.swift; path = CGRect.swift; sourceTree = "<group>"; };
		4E24F45E27345D11004E69C2 /* CGSize.swift */ = {isa = PBXFileReference; fileEncoding = 4; lastKnownFileType = sourcecode.swift; path = CGSize.swift; sourceTree = "<group>"; };
		4E24F46227345D11004E69C2 /* UILabel.swift */ = {isa = PBXFileReference; fileEncoding = 4; lastKnownFileType = sourcecode.swift; path = UILabel.swift; sourceTree = "<group>"; };
		4E24F46327345D11004E69C2 /* UIStackView.swift */ = {isa = PBXFileReference; fileEncoding = 4; lastKnownFileType = sourcecode.swift; path = UIStackView.swift; sourceTree = "<group>"; };
		4E24F46427345D11004E69C2 /* Indicator.swift */ = {isa = PBXFileReference; fileEncoding = 4; lastKnownFileType = sourcecode.swift; path = Indicator.swift; sourceTree = "<group>"; };
		4E24F46527345D11004E69C2 /* UIButton.swift */ = {isa = PBXFileReference; fileEncoding = 4; lastKnownFileType = sourcecode.swift; path = UIButton.swift; sourceTree = "<group>"; };
		4E24F46627345D11004E69C2 /* UITextField.swift */ = {isa = PBXFileReference; fileEncoding = 4; lastKnownFileType = sourcecode.swift; path = UITextField.swift; sourceTree = "<group>"; };
		4E24F46727345D11004E69C2 /* Insets.swift */ = {isa = PBXFileReference; fileEncoding = 4; lastKnownFileType = sourcecode.swift; path = Insets.swift; sourceTree = "<group>"; };
		4E24F46827345D11004E69C2 /* UITextView.swift */ = {isa = PBXFileReference; fileEncoding = 4; lastKnownFileType = sourcecode.swift; path = UITextView.swift; sourceTree = "<group>"; };
		4E24F46927345D11004E69C2 /* TextEditArea.swift */ = {isa = PBXFileReference; fileEncoding = 4; lastKnownFileType = sourcecode.swift; path = TextEditArea.swift; sourceTree = "<group>"; };
		4E24F46A27345D11004E69C2 /* UIView.swift */ = {isa = PBXFileReference; fileEncoding = 4; lastKnownFileType = sourcecode.swift; path = UIView.swift; sourceTree = "<group>"; };
		4E24F46B27345D11004E69C2 /* LabeledTextField.swift */ = {isa = PBXFileReference; fileEncoding = 4; lastKnownFileType = sourcecode.swift; path = LabeledTextField.swift; sourceTree = "<group>"; };
		4E24F46F27345D11004E69C2 /* UIImageView.swift */ = {isa = PBXFileReference; fileEncoding = 4; lastKnownFileType = sourcecode.swift; path = UIImageView.swift; sourceTree = "<group>"; };
		4E24F47027345D11004E69C2 /* UIImage.swift */ = {isa = PBXFileReference; fileEncoding = 4; lastKnownFileType = sourcecode.swift; path = UIImage.swift; sourceTree = "<group>"; };
		4E24F47127345D11004E69C2 /* TextButton.swift */ = {isa = PBXFileReference; fileEncoding = 4; lastKnownFileType = sourcecode.swift; path = TextButton.swift; sourceTree = "<group>"; };
		4E24F47227345D11004E69C2 /* UIScrollView.swift */ = {isa = PBXFileReference; fileEncoding = 4; lastKnownFileType = sourcecode.swift; path = UIScrollView.swift; sourceTree = "<group>"; };
		4E3F12912778A5A6006F9C31 /* CLLocation.swift */ = {isa = PBXFileReference; lastKnownFileType = sourcecode.swift; path = CLLocation.swift; sourceTree = "<group>"; };
		4E47891426F9C10000369E17 /* PhotoCaptureViewController.swift */ = {isa = PBXFileReference; lastKnownFileType = sourcecode.swift; path = PhotoCaptureViewController.swift; sourceTree = "<group>"; };
		4E4B758C273AA28100CB4B41 /* PhotoData.swift */ = {isa = PBXFileReference; lastKnownFileType = sourcecode.swift; path = PhotoData.swift; sourceTree = "<group>"; };
		4E4D6A0027399CA1006CD741 /* LabeledSwitchView.swift */ = {isa = PBXFileReference; fileEncoding = 4; lastKnownFileType = sourcecode.swift; path = LabeledSwitchView.swift; sourceTree = "<group>"; };
		4E52F3E7273FD2F30046DC98 /* MapRegion.swift */ = {isa = PBXFileReference; lastKnownFileType = sourcecode.swift; path = MapRegion.swift; sourceTree = "<group>"; };
		4E68B5BD275F59F00025A80A /* LocationDialog.swift */ = {isa = PBXFileReference; lastKnownFileType = sourcecode.swift; path = LocationDialog.swift; sourceTree = "<group>"; };
		4E79FBAE275B9326001F0481 /* LocationGroup.swift */ = {isa = PBXFileReference; lastKnownFileType = sourcecode.swift; path = LocationGroup.swift; sourceTree = "<group>"; };
		4E79FBB0275BCE0C001F0481 /* LocationGroupPin.swift */ = {isa = PBXFileReference; lastKnownFileType = sourcecode.swift; path = LocationGroupPin.swift; sourceTree = "<group>"; };
		4E79FBB2275BCE67001F0481 /* Pin.swift */ = {isa = PBXFileReference; lastKnownFileType = sourcecode.swift; path = Pin.swift; sourceTree = "<group>"; };
		4E89173E273688580046AC91 /* LocationDetailViewController.swift */ = {isa = PBXFileReference; lastKnownFileType = sourcecode.swift; path = LocationDetailViewController.swift; sourceTree = "<group>"; };
		4E92113A2741127500DC5226 /* AsyncOperation.swift */ = {isa = PBXFileReference; lastKnownFileType = sourcecode.swift; path = AsyncOperation.swift; sourceTree = "<group>"; };
		4EA45A632747CA22001F3533 /* GPXParser.swift */ = {isa = PBXFileReference; lastKnownFileType = sourcecode.swift; path = GPXParser.swift; sourceTree = "<group>"; };
		4EA835E7277F1BCE001BA2E9 /* MapPosition.swift */ = {isa = PBXFileReference; lastKnownFileType = sourcecode.swift; path = MapPosition.swift; sourceTree = "<group>"; };
		4EA9B7CD27413F0B00C91B68 /* SafeMap.swift */ = {isa = PBXFileReference; lastKnownFileType = sourcecode.swift; path = SafeMap.swift; sourceTree = "<group>"; };
		4EB76A992760EF9F00D64B6D /* PhotoListItemView.swift */ = {isa = PBXFileReference; fileEncoding = 4; lastKnownFileType = sourcecode.swift; path = PhotoListItemView.swift; sourceTree = "<group>"; };
		4ECFC99A26FB551B0083977B /* TileDownloadOperation.swift */ = {isa = PBXFileReference; lastKnownFileType = sourcecode.swift; path = TileDownloadOperation.swift; sourceTree = "<group>"; };
		4ECFC99E26FBB8AF0083977B /* MapPreloadViewController.swift */ = {isa = PBXFileReference; lastKnownFileType = sourcecode.swift; path = MapPreloadViewController.swift; sourceTree = "<group>"; };
		4ED5DF43273E831B00549AF8 /* LocationData.swift */ = {isa = PBXFileReference; lastKnownFileType = sourcecode.swift; path = LocationData.swift; sourceTree = "<group>"; };
		4EE6A890275A6E19007FBC67 /* PhotoList.swift */ = {isa = PBXFileReference; lastKnownFileType = sourcecode.swift; path = PhotoList.swift; sourceTree = "<group>"; };
		4EF2FD6428732EA9005DBA73 /* MainTabController.swift */ = {isa = PBXFileReference; fileEncoding = 4; lastKnownFileType = sourcecode.swift; path = MainTabController.swift; sourceTree = "<group>"; };
		4EF2FD6B2873301D005DBA73 /* TracksViewController.swift */ = {isa = PBXFileReference; lastKnownFileType = sourcecode.swift; path = TracksViewController.swift; sourceTree = "<group>"; };
		4EF2FD6D2873305F005DBA73 /* LocationsViewController.swift */ = {isa = PBXFileReference; lastKnownFileType = sourcecode.swift; path = LocationsViewController.swift; sourceTree = "<group>"; };
		4EF2FD6F28733725005DBA73 /* ScrollViewController.swift */ = {isa = PBXFileReference; lastKnownFileType = sourcecode.swift; path = ScrollViewController.swift; sourceTree = "<group>"; };
		4EF2FD752876DC28005DBA73 /* HeaderTableViewController.swift */ = {isa = PBXFileReference; fileEncoding = 4; lastKnownFileType = sourcecode.swift; path = HeaderTableViewController.swift; sourceTree = "<group>"; };
		4EF2FD7728772B4C005DBA73 /* Position.swift */ = {isa = PBXFileReference; lastKnownFileType = sourcecode.swift; path = Position.swift; sourceTree = "<group>"; };
		4EF2FD83287B0EE4005DBA73 /* TrackPool.swift */ = {isa = PBXFileReference; lastKnownFileType = sourcecode.swift; path = TrackPool.swift; sourceTree = "<group>"; };
		4EF2FD86287B1619005DBA73 /* Array.swift */ = {isa = PBXFileReference; fileEncoding = 4; lastKnownFileType = sourcecode.swift; path = Array.swift; sourceTree = "<group>"; };
		4EF5FA7827820B2D0004583B /* en */ = {isa = PBXFileReference; lastKnownFileType = text.plist.strings; name = en; path = en.lproj/InfoPlist.strings; sourceTree = "<group>"; };
		4EF5FA7A27820B300004583B /* de */ = {isa = PBXFileReference; lastKnownFileType = text.plist.strings; name = de; path = de.lproj/InfoPlist.strings; sourceTree = "<group>"; };
/* End PBXFileReference section */

/* Begin PBXFrameworksBuildPhase section */
		4E0BD97A26E9FC66005A4A94 /* Frameworks */ = {
			isa = PBXFrameworksBuildPhase;
			buildActionMask = 2147483647;
			files = (
			);
			runOnlyForDeploymentPostprocessing = 0;
		};
/* End PBXFrameworksBuildPhase section */

/* Begin PBXGroup section */
		4E0BD97426E9FC66005A4A94 = {
			isa = PBXGroup;
			children = (
				4E0BD97F26E9FC66005A4A94 /* SwiftyMaps */,
				4E0BD97E26E9FC66005A4A94 /* Products */,
			);
			sourceTree = "<group>";
		};
		4E0BD97E26E9FC66005A4A94 /* Products */ = {
			isa = PBXGroup;
			children = (
				4E0BD97D26E9FC66005A4A94 /* SwiftyMaps for OSM.app */,
			);
			name = Products;
			sourceTree = "<group>";
		};
		4E0BD97F26E9FC66005A4A94 /* SwiftyMaps */ = {
			isa = PBXGroup;
			children = (
				4E0BD98926E9FC67005A4A94 /* Assets.xcassets */,
				4E0BD98E26E9FC67005A4A94 /* Info.plist */,
				4E0BD98B26E9FC67005A4A94 /* LaunchScreen.storyboard */,
				4EF5FA7927820B2D0004583B /* InfoPlist.strings */,
				4E0BD9DD26EA043D005A4A94 /* Localizable.strings */,
				4E0BD99726EA0020005A4A94 /* Application */,
				4E24F48B27345DD5004E69C2 /* Extensions */,
				4E0BD99E26EA010A005A4A94 /* Base */,
				4E6A835E27523F81006F81AD /* Preferences */,
				4E9A245B275379B8004B43BE /* TileData */,
				4EF2FD7E287AC631005DBA73 /* MapData */,
				4E1D0E1C274BCD9400F3D584 /* LocationData */,
				4E0D092C26F90D5D00FABB17 /* TrackData */,
				4EF2FD81287AC87B005DBA73 /* MapPreload */,
				4E3BE7EB26EA7EF1000F9069 /* Photo */,
				4EF2FD7F287AC685005DBA73 /* LocationView */,
				4E0BD99C26EA0074005A4A94 /* InfoView */,
				4E3BE7EA26EA7E57000F9069 /* MapView */,
				4EF2FD7D287AC5B8005DBA73 /* TrackView */,
			);
			path = SwiftyMaps;
			sourceTree = "<group>";
		};
		4E0BD99726EA0020005A4A94 /* Application */ = {
			isa = PBXGroup;
			children = (
				4EF2FD6428732EA9005DBA73 /* MainTabController.swift */,
				4E0BD98026E9FC66005A4A94 /* AppDelegate.swift */,
				4E0BD98226E9FC66005A4A94 /* SceneDelegate.swift */,
			);
			path = Application;
			sourceTree = "<group>";
		};
		4E0BD99C26EA0074005A4A94 /* InfoView */ = {
			isa = PBXGroup;
			children = (
				4E24F45B27345D11004E69C2 /* IconInfoText.swift */,
				4E0BD9AF26EA0170005A4A94 /* InfoViewController.swift */,
			);
			path = InfoView;
			sourceTree = "<group>";
		};
		4E0BD99E26EA010A005A4A94 /* Base */ = {
			isa = PBXGroup;
			children = (
				4E92113A2741127500DC5226 /* AsyncOperation.swift */,
				4E0BD9E026EA04EE005A4A94 /* AuthorizationError.swift */,
				4E0BD9CA26EA02BA005A4A94 /* AVCaptureDevice.swift */,
				4E0BD9C926EA02BA005A4A94 /* AVCaptureVideoOrientation.swift */,
				4E0BD9C226EA02BA005A4A94 /* CameraViewController.swift */,
				4E0BD9C326EA02BA005A4A94 /* CaptureButton.swift */,
				4E0BD9D526EA037F005A4A94 /* DataController.swift */,
				4E0BD9D626EA037F005A4A94 /* FileController.swift */,
				4E0BD9E226EA04EE005A4A94 /* FileError.swift */,
				4EF2FD752876DC28005DBA73 /* HeaderTableViewController.swift */,
				4E0BD9A226EA0159005A4A94 /* HeaderScrollViewController.swift */,
				4E24F45C27345D11004E69C2 /* IconButton.swift */,
				4E24F46427345D11004E69C2 /* Indicator.swift */,
				4E24F46727345D11004E69C2 /* Insets.swift */,
				4E4D6A0027399CA1006CD741 /* LabeledSwitchView.swift */,
				4E24F46B27345D11004E69C2 /* LabeledTextField.swift */,
				4EA9B7CD27413F0B00C91B68 /* SafeMap.swift */,
				4EF2FD6F28733725005DBA73 /* ScrollViewController.swift */,
				4E24F47127345D11004E69C2 /* TextButton.swift */,
				4E24F46927345D11004E69C2 /* TextEditArea.swift */,
			);
			path = Base;
			sourceTree = "<group>";
		};
		4E0D092C26F90D5D00FABB17 /* TrackData */ = {
			isa = PBXGroup;
			children = (
				4EA45A632747CA22001F3533 /* GPXParser.swift */,
				4E1D0E1D274BCDD200F3D584 /* GPXCreator.swift */,
				4E2088E22743A24E0097BFBA /* TrackData.swift */,
				4EF2FD83287B0EE4005DBA73 /* TrackPool.swift */,
			);
			path = TrackData;
			sourceTree = "<group>";
		};
		4E1D0E1C274BCD9400F3D584 /* LocationData */ = {
			isa = PBXGroup;
			children = (
				4ED5DF43273E831B00549AF8 /* LocationData.swift */,
				4E0BD9C426EA02BA005A4A94 /* LocationService.swift */,
				4E1B810C2732EDC5003ED6B0 /* LocationPool.swift */,
				4E79FBAE275B9326001F0481 /* LocationGroup.swift */,
				4EF2FD7728772B4C005DBA73 /* Position.swift */,
			);
			path = LocationData;
			sourceTree = "<group>";
		};
		4E24F48B27345DD5004E69C2 /* Extensions */ = {
			isa = PBXGroup;
			children = (
				4EF2FD86287B1619005DBA73 /* Array.swift */,
				4E24F45D27345D11004E69C2 /* CGRect.swift */,
				4E24F45E27345D11004E69C2 /* CGSize.swift */,
				4E2088E82743AD920097BFBA /* CLLocationCoordinate2D.swift */,
				4E0BD9B726EA0239005A4A94 /* Codable.swift */,
				4E0BD9B826EA0239005A4A94 /* Date.swift */,
				4E0BD9B926EA0239005A4A94 /* String.swift */,
				4E24F46527345D11004E69C2 /* UIButton.swift */,
				4E24F47027345D11004E69C2 /* UIImage.swift */,
				4E24F46F27345D11004E69C2 /* UIImageView.swift */,
				4E24F46227345D11004E69C2 /* UILabel.swift */,
				4E24F47227345D11004E69C2 /* UIScrollView.swift */,
				4E24F46327345D11004E69C2 /* UIStackView.swift */,
				4E24F46627345D11004E69C2 /* UITextField.swift */,
				4E24F46827345D11004E69C2 /* UITextView.swift */,
				4E24F46A27345D11004E69C2 /* UIView.swift */,
				4E0BD99F26EA0159005A4A94 /* UIViewController.swift */,
				4E0BD9BA26EA0239005A4A94 /* URL.swift */,
				4E025E3C274E420800D56ED7 /* TimeInterval.swift */,
				4E3F12912778A5A6006F9C31 /* CLLocation.swift */,
				4E68B5BD275F59F00025A80A /* LocationDialog.swift */,
			);
			path = Extensions;
			sourceTree = "<group>";
		};
		4E3BE7EA26EA7E57000F9069 /* MapView */ = {
			isa = PBXGroup;
			children = (
				4EF2FD80287AC83D005DBA73 /* Pin */,
				4E1B80F02732ED43003ED6B0 /* MapViewController.swift */,
				4E1B810F2732EDC5003ED6B0 /* MapView.swift */,
				4E1B81042732EDC4003ED6B0 /* TileLayerView.swift */,
				4E1B81082732EDC4003ED6B0 /* LocationLayerView.swift */,
				4E2088DE27439C440097BFBA /* TrackLayerView.swift */,
				4E1B81032732EDC4003ED6B0 /* UserLocationView.swift */,
				4E1B81052732EDC4003ED6B0 /* ControlLayerView.swift */,
			);
			path = MapView;
			sourceTree = "<group>";
		};
		4E3BE7EB26EA7EF1000F9069 /* Photo */ = {
			isa = PBXGroup;
			children = (
				4EB76A992760EF9F00D64B6D /* PhotoListItemView.swift */,
				4E4B758C273AA28100CB4B41 /* PhotoData.swift */,
				4E0BD9A126EA0159005A4A94 /* PhotoViewController.swift */,
				4E47891426F9C10000369E17 /* PhotoCaptureViewController.swift */,
				4EE6A890275A6E19007FBC67 /* PhotoList.swift */,
			);
			path = Photo;
			sourceTree = "<group>";
		};
		4E6A835E27523F81006F81AD /* Preferences */ = {
			isa = PBXGroup;
			children = (
				4E1B81002732EDA2003ED6B0 /* Preferences.swift */,
				4E1B80FF2732EDA2003ED6B0 /* PreferencesViewController.swift */,
			);
			path = Preferences;
			sourceTree = "<group>";
		};
		4E9A245B275379B8004B43BE /* TileData */ = {
			isa = PBXGroup;
			children = (
				4E1B810D2732EDC5003ED6B0 /* MapTile.swift */,
				4E1B81072732EDC4003ED6B0 /* MapTiles.swift */,
				4ECFC99A26FB551B0083977B /* TileDownloadOperation.swift */,
			);
			path = TileData;
			sourceTree = "<group>";
		};
		4EF2FD7D287AC5B8005DBA73 /* TrackView */ = {
			isa = PBXGroup;
			children = (
				4EF2FD6B2873301D005DBA73 /* TracksViewController.swift */,
				4E1D0E1A274BA72100F3D584 /* TrackCell.swift */,
				4E1D0E1F274BDB1900F3D584 /* TrackDetailViewController.swift */,
			);
			path = TrackView;
			sourceTree = "<group>";
		};
		4EF2FD7E287AC631005DBA73 /* MapData */ = {
			isa = PBXGroup;
			children = (
				4E1B81112732EDC5003ED6B0 /* MapStatics.swift */,
				4E1B810B2732EDC5003ED6B0 /* NormalizedPlanetPoint.swift */,
				4E1B810E2732EDC5003ED6B0 /* NormalizedPlanetRect.swift */,
				4E52F3E7273FD2F30046DC98 /* MapRegion.swift */,
				4EA835E7277F1BCE001BA2E9 /* MapPosition.swift */,
			);
			path = MapData;
			sourceTree = "<group>";
		};
		4EF2FD7F287AC685005DBA73 /* LocationView */ = {
			isa = PBXGroup;
			children = (
				4EF2FD6D2873305F005DBA73 /* LocationsViewController.swift */,
				4E1D0E23274C223C00F3D584 /* LocationCell.swift */,
				4E89173E273688580046AC91 /* LocationDetailViewController.swift */,
			);
			path = LocationView;
			sourceTree = "<group>";
		};
		4EF2FD80287AC83D005DBA73 /* Pin */ = {
			isa = PBXGroup;
			children = (
				4E79FBB2275BCE67001F0481 /* Pin.swift */,
				4E79FBB0275BCE0C001F0481 /* LocationGroupPin.swift */,
				4E1B81092732EDC5003ED6B0 /* LocationPin.swift */,
			);
			path = Pin;
			sourceTree = "<group>";
		};
		4EF2FD81287AC87B005DBA73 /* MapPreload */ = {
			isa = PBXGroup;
			children = (
				4ECFC99E26FBB8AF0083977B /* MapPreloadViewController.swift */,
			);
			path = MapPreload;
			sourceTree = "<group>";
		};
/* End PBXGroup section */

/* Begin PBXNativeTarget section */
		4E0BD97C26E9FC66005A4A94 /* SwiftyMaps for OSM */ = {
			isa = PBXNativeTarget;
			buildConfigurationList = 4E0BD99126E9FC67005A4A94 /* Build configuration list for PBXNativeTarget "SwiftyMaps for OSM" */;
			buildPhases = (
				4E0BD97926E9FC66005A4A94 /* Sources */,
				4E0BD97A26E9FC66005A4A94 /* Frameworks */,
				4E0BD97B26E9FC66005A4A94 /* Resources */,
			);
			buildRules = (
			);
			dependencies = (
			);
			name = "SwiftyMaps for OSM";
			packageProductDependencies = (
			);
			productName = SwiftyMapViewer;
			productReference = 4E0BD97D26E9FC66005A4A94 /* SwiftyMaps for OSM.app */;
			productType = "com.apple.product-type.application";
		};
/* End PBXNativeTarget section */

/* Begin PBXProject section */
		4E0BD97526E9FC66005A4A94 /* Project object */ = {
			isa = PBXProject;
			attributes = {
				LastSwiftUpdateCheck = 1250;
				LastUpgradeCheck = 1250;
				TargetAttributes = {
					4E0BD97C26E9FC66005A4A94 = {
						CreatedOnToolsVersion = 12.5.1;
					};
				};
			};
			buildConfigurationList = 4E0BD97826E9FC66005A4A94 /* Build configuration list for PBXProject "SwiftyMaps for OSM" */;
			compatibilityVersion = "Xcode 9.3";
			developmentRegion = en;
			hasScannedForEncodings = 0;
			knownRegions = (
				en,
				Base,
				de,
			);
			mainGroup = 4E0BD97426E9FC66005A4A94;
			packageReferences = (
			);
			productRefGroup = 4E0BD97E26E9FC66005A4A94 /* Products */;
			projectDirPath = "";
			projectRoot = "";
			targets = (
				4E0BD97C26E9FC66005A4A94 /* SwiftyMaps for OSM */,
			);
		};
/* End PBXProject section */

/* Begin PBXResourcesBuildPhase section */
		4E0BD97B26E9FC66005A4A94 /* Resources */ = {
			isa = PBXResourcesBuildPhase;
			buildActionMask = 2147483647;
			files = (
				4E0BD98D26E9FC67005A4A94 /* LaunchScreen.storyboard in Resources */,
				4EF5FA7727820B2D0004583B /* InfoPlist.strings in Resources */,
				4E0BD9DB26EA043D005A4A94 /* Localizable.strings in Resources */,
				4E0BD98A26E9FC67005A4A94 /* Assets.xcassets in Resources */,
			);
			runOnlyForDeploymentPostprocessing = 0;
		};
/* End PBXResourcesBuildPhase section */

/* Begin PBXSourcesBuildPhase section */
		4E0BD97926E9FC66005A4A94 /* Sources */ = {
			isa = PBXSourcesBuildPhase;
			buildActionMask = 2147483647;
			files = (
				4EA9B7CE27413F0B00C91B68 /* SafeMap.swift in Sources */,
				4E24F47D27345D11004E69C2 /* UIButton.swift in Sources */,
				4E0BD9BC26EA0239005A4A94 /* Codable.swift in Sources */,
				4E0BD98126E9FC66005A4A94 /* AppDelegate.swift in Sources */,
				4E24F48827345D11004E69C2 /* UIImage.swift in Sources */,
				4E24F47E27345D11004E69C2 /* UITextField.swift in Sources */,
				4E4D6A0127399CA1006CD741 /* LabeledSwitchView.swift in Sources */,
				4EE6A891275A6E19007FBC67 /* PhotoList.swift in Sources */,
				4EF2FD88287B1619005DBA73 /* Array.swift in Sources */,
				4E0BD9B326EA0170005A4A94 /* InfoViewController.swift in Sources */,
				4E0BD9AA26EA0159005A4A94 /* HeaderScrollViewController.swift in Sources */,
				4EA45A642747CA22001F3533 /* GPXParser.swift in Sources */,
				4E79FBAF275B9326001F0481 /* LocationGroup.swift in Sources */,
				4E24F47327345D11004E69C2 /* IconInfoText.swift in Sources */,
				4E0BD9CD26EA02BA005A4A94 /* CaptureButton.swift in Sources */,
				4E1B811E2732EDC5003ED6B0 /* MapView.swift in Sources */,
				4ED5DF44273E831B00549AF8 /* LocationData.swift in Sources */,
				4EF2FD6E2873305F005DBA73 /* LocationsViewController.swift in Sources */,
				4E24F47A27345D11004E69C2 /* UILabel.swift in Sources */,
				4E0BD9BF26EA0239005A4A94 /* URL.swift in Sources */,
				4ECFC99F26FBB8AF0083977B /* MapPreloadViewController.swift in Sources */,
				4E0BD9BD26EA0239005A4A94 /* Date.swift in Sources */,
				4E0BD9CE26EA02BA005A4A94 /* LocationService.swift in Sources */,
				4E1B81172732EDC5003ED6B0 /* LocationLayerView.swift in Sources */,
				4E52F3E8273FD2F30046DC98 /* MapRegion.swift in Sources */,
				4E3F12922778A5A6006F9C31 /* CLLocation.swift in Sources */,
				4E1D0E24274C223C00F3D584 /* LocationCell.swift in Sources */,
				4E24F48027345D11004E69C2 /* UITextView.swift in Sources */,
				4EA835E8277F1BCE001BA2E9 /* MapPosition.swift in Sources */,
				4E1B81202732EDC5003ED6B0 /* MapStatics.swift in Sources */,
				4EF2FD6528732EA9005DBA73 /* MainTabController.swift in Sources */,
				4E24F48727345D11004E69C2 /* UIImageView.swift in Sources */,
				4E0BD98326E9FC66005A4A94 /* SceneDelegate.swift in Sources */,
				4E0BD9CC26EA02BA005A4A94 /* CameraViewController.swift in Sources */,
				4E1B811D2732EDC5003ED6B0 /* NormalizedPlanetRect.swift in Sources */,
				4E2088E92743AD920097BFBA /* CLLocationCoordinate2D.swift in Sources */,
				4E24F48927345D11004E69C2 /* TextButton.swift in Sources */,
				4E1B81122732EDC5003ED6B0 /* UserLocationView.swift in Sources */,
				4E24F47527345D11004E69C2 /* CGRect.swift in Sources */,
				4EF2FD762876DC28005DBA73 /* HeaderTableViewController.swift in Sources */,
				4E0BD9A926EA0159005A4A94 /* PhotoViewController.swift in Sources */,
				4E0BD9D326EA02BA005A4A94 /* AVCaptureVideoOrientation.swift in Sources */,
				4E24F48327345D11004E69C2 /* LabeledTextField.swift in Sources */,
				4E24F48A27345D11004E69C2 /* UIScrollView.swift in Sources */,
				4EB76A9A2760EF9F00D64B6D /* PhotoListItemView.swift in Sources */,
				4E47891526F9C10000369E17 /* PhotoCaptureViewController.swift in Sources */,
				4E1D0E20274BDB1900F3D584 /* TrackDetailViewController.swift in Sources */,
				4EF2FD84287B0EE4005DBA73 /* TrackPool.swift in Sources */,
				4E92113B2741127500DC5226 /* AsyncOperation.swift in Sources */,
				4EF2FD7828772B4C005DBA73 /* Position.swift in Sources */,
				4E79FBB3275BCE67001F0481 /* Pin.swift in Sources */,
				4E24F47627345D11004E69C2 /* CGSize.swift in Sources */,
				4E1D0E1E274BCDD200F3D584 /* GPXCreator.swift in Sources */,
				4E24F47B27345D11004E69C2 /* UIStackView.swift in Sources */,
				4E24F47C27345D11004E69C2 /* Indicator.swift in Sources */,
				4E79FBB1275BCE0C001F0481 /* LocationGroupPin.swift in Sources */,
				4E0BD9D826EA037F005A4A94 /* FileController.swift in Sources */,
				4E24F47427345D11004E69C2 /* IconButton.swift in Sources */,
				4E24F48127345D11004E69C2 /* TextEditArea.swift in Sources */,
				4E1B811C2732EDC5003ED6B0 /* MapTile.swift in Sources */,
				4E89173F273688580046AC91 /* LocationDetailViewController.swift in Sources */,
				4EF2FD6C2873301D005DBA73 /* TracksViewController.swift in Sources */,
				4E0BD9BE26EA0239005A4A94 /* String.swift in Sources */,
				4E1B81142732EDC5003ED6B0 /* ControlLayerView.swift in Sources */,
				4E0BD9E426EA04EE005A4A94 /* AuthorizationError.swift in Sources */,
				4E24F47F27345D11004E69C2 /* Insets.swift in Sources */,
				4E1B81182732EDC5003ED6B0 /* LocationPin.swift in Sources */,
				4E2088E32743A24E0097BFBA /* TrackData.swift in Sources */,
				4E0BD9E626EA04EE005A4A94 /* FileError.swift in Sources */,
				4E0BD9D726EA037F005A4A94 /* DataController.swift in Sources */,
				4EF2FD7028733725005DBA73 /* ScrollViewController.swift in Sources */,
				4E1B81012732EDA2003ED6B0 /* PreferencesViewController.swift in Sources */,
				4E1B811A2732EDC5003ED6B0 /* NormalizedPlanetPoint.swift in Sources */,
				4ECFC99B26FB551B0083977B /* TileDownloadOperation.swift in Sources */,
				4E1D0E1B274BA72100F3D584 /* TrackCell.swift in Sources */,
				4E24F48227345D11004E69C2 /* UIView.swift in Sources */,
				4E2088DF27439C440097BFBA /* TrackLayerView.swift in Sources */,
				4E1B81132732EDC5003ED6B0 /* TileLayerView.swift in Sources */,
				4E68B5BE275F59F00025A80A /* LocationDialog.swift in Sources */,
				4E0BD9D426EA02BA005A4A94 /* AVCaptureDevice.swift in Sources */,
				4E1B80F12732ED43003ED6B0 /* MapViewController.swift in Sources */,
				4E1B81162732EDC5003ED6B0 /* MapTiles.swift in Sources */,
				4E0BD9A726EA0159005A4A94 /* UIViewController.swift in Sources */,
				4E025E3D274E420800D56ED7 /* TimeInterval.swift in Sources */,
				4E1B81022732EDA2003ED6B0 /* Preferences.swift in Sources */,
				4E4B758D273AA28100CB4B41 /* PhotoData.swift in Sources */,
				4E1B811B2732EDC5003ED6B0 /* LocationPool.swift in Sources */,
			);
			runOnlyForDeploymentPostprocessing = 0;
		};
/* End PBXSourcesBuildPhase section */

/* Begin PBXVariantGroup section */
		4E0BD98B26E9FC67005A4A94 /* LaunchScreen.storyboard */ = {
			isa = PBXVariantGroup;
			children = (
				4E0BD98C26E9FC67005A4A94 /* Base */,
			);
			name = LaunchScreen.storyboard;
			sourceTree = "<group>";
		};
		4E0BD9DD26EA043D005A4A94 /* Localizable.strings */ = {
			isa = PBXVariantGroup;
			children = (
				4E0BD9DC26EA043D005A4A94 /* en */,
				4E0BD9DE26EA0467005A4A94 /* de */,
			);
			name = Localizable.strings;
			sourceTree = "<group>";
		};
		4EF5FA7927820B2D0004583B /* InfoPlist.strings */ = {
			isa = PBXVariantGroup;
			children = (
				4EF5FA7827820B2D0004583B /* en */,
				4EF5FA7A27820B300004583B /* de */,
			);
			name = InfoPlist.strings;
			sourceTree = "<group>";
		};
/* End PBXVariantGroup section */

/* Begin XCBuildConfiguration section */
		4E0BD98F26E9FC67005A4A94 /* Debug */ = {
			isa = XCBuildConfiguration;
			buildSettings = {
				ALWAYS_SEARCH_USER_PATHS = NO;
				CLANG_ANALYZER_LOCALIZABILITY_NONLOCALIZED = YES;
				CLANG_ANALYZER_NONNULL = YES;
				CLANG_ANALYZER_NUMBER_OBJECT_CONVERSION = YES_AGGRESSIVE;
				CLANG_CXX_LANGUAGE_STANDARD = "gnu++14";
				CLANG_CXX_LIBRARY = "libc++";
				CLANG_ENABLE_MODULES = YES;
				CLANG_ENABLE_OBJC_ARC = YES;
				CLANG_ENABLE_OBJC_WEAK = YES;
				CLANG_WARN_BLOCK_CAPTURE_AUTORELEASING = YES;
				CLANG_WARN_BOOL_CONVERSION = YES;
				CLANG_WARN_COMMA = YES;
				CLANG_WARN_CONSTANT_CONVERSION = YES;
				CLANG_WARN_DEPRECATED_OBJC_IMPLEMENTATIONS = YES;
				CLANG_WARN_DIRECT_OBJC_ISA_USAGE = YES_ERROR;
				CLANG_WARN_DOCUMENTATION_COMMENTS = YES;
				CLANG_WARN_EMPTY_BODY = YES;
				CLANG_WARN_ENUM_CONVERSION = YES;
				CLANG_WARN_INFINITE_RECURSION = YES;
				CLANG_WARN_INT_CONVERSION = YES;
				CLANG_WARN_NON_LITERAL_NULL_CONVERSION = YES;
				CLANG_WARN_OBJC_IMPLICIT_RETAIN_SELF = YES;
				CLANG_WARN_OBJC_LITERAL_CONVERSION = YES;
				CLANG_WARN_OBJC_ROOT_CLASS = YES_ERROR;
				CLANG_WARN_QUOTED_INCLUDE_IN_FRAMEWORK_HEADER = YES;
				CLANG_WARN_RANGE_LOOP_ANALYSIS = YES;
				CLANG_WARN_STRICT_PROTOTYPES = YES;
				CLANG_WARN_SUSPICIOUS_MOVE = YES;
				CLANG_WARN_UNGUARDED_AVAILABILITY = YES_AGGRESSIVE;
				CLANG_WARN_UNREACHABLE_CODE = YES;
				CLANG_WARN__DUPLICATE_METHOD_MATCH = YES;
				COPY_PHASE_STRIP = NO;
				DEBUG_INFORMATION_FORMAT = dwarf;
				ENABLE_STRICT_OBJC_MSGSEND = YES;
				ENABLE_TESTABILITY = YES;
				GCC_C_LANGUAGE_STANDARD = gnu11;
				GCC_DYNAMIC_NO_PIC = NO;
				GCC_NO_COMMON_BLOCKS = YES;
				GCC_OPTIMIZATION_LEVEL = 0;
				GCC_PREPROCESSOR_DEFINITIONS = (
					"DEBUG=1",
					"$(inherited)",
				);
				GCC_WARN_64_TO_32_BIT_CONVERSION = YES;
				GCC_WARN_ABOUT_RETURN_TYPE = YES_ERROR;
				GCC_WARN_UNDECLARED_SELECTOR = YES;
				GCC_WARN_UNINITIALIZED_AUTOS = YES_AGGRESSIVE;
				GCC_WARN_UNUSED_FUNCTION = YES;
				GCC_WARN_UNUSED_VARIABLE = YES;
				IPHONEOS_DEPLOYMENT_TARGET = 14.1;
				MTL_ENABLE_DEBUG_INFO = INCLUDE_SOURCE;
				MTL_FAST_MATH = YES;
				ONLY_ACTIVE_ARCH = YES;
				SDKROOT = iphoneos;
				SWIFT_ACTIVE_COMPILATION_CONDITIONS = DEBUG;
				SWIFT_OPTIMIZATION_LEVEL = "-Onone";
			};
			name = Debug;
		};
		4E0BD99026E9FC67005A4A94 /* Release */ = {
			isa = XCBuildConfiguration;
			buildSettings = {
				ALWAYS_SEARCH_USER_PATHS = NO;
				CLANG_ANALYZER_LOCALIZABILITY_NONLOCALIZED = YES;
				CLANG_ANALYZER_NONNULL = YES;
				CLANG_ANALYZER_NUMBER_OBJECT_CONVERSION = YES_AGGRESSIVE;
				CLANG_CXX_LANGUAGE_STANDARD = "gnu++14";
				CLANG_CXX_LIBRARY = "libc++";
				CLANG_ENABLE_MODULES = YES;
				CLANG_ENABLE_OBJC_ARC = YES;
				CLANG_ENABLE_OBJC_WEAK = YES;
				CLANG_WARN_BLOCK_CAPTURE_AUTORELEASING = YES;
				CLANG_WARN_BOOL_CONVERSION = YES;
				CLANG_WARN_COMMA = YES;
				CLANG_WARN_CONSTANT_CONVERSION = YES;
				CLANG_WARN_DEPRECATED_OBJC_IMPLEMENTATIONS = YES;
				CLANG_WARN_DIRECT_OBJC_ISA_USAGE = YES_ERROR;
				CLANG_WARN_DOCUMENTATION_COMMENTS = YES;
				CLANG_WARN_EMPTY_BODY = YES;
				CLANG_WARN_ENUM_CONVERSION = YES;
				CLANG_WARN_INFINITE_RECURSION = YES;
				CLANG_WARN_INT_CONVERSION = YES;
				CLANG_WARN_NON_LITERAL_NULL_CONVERSION = YES;
				CLANG_WARN_OBJC_IMPLICIT_RETAIN_SELF = YES;
				CLANG_WARN_OBJC_LITERAL_CONVERSION = YES;
				CLANG_WARN_OBJC_ROOT_CLASS = YES_ERROR;
				CLANG_WARN_QUOTED_INCLUDE_IN_FRAMEWORK_HEADER = YES;
				CLANG_WARN_RANGE_LOOP_ANALYSIS = YES;
				CLANG_WARN_STRICT_PROTOTYPES = YES;
				CLANG_WARN_SUSPICIOUS_MOVE = YES;
				CLANG_WARN_UNGUARDED_AVAILABILITY = YES_AGGRESSIVE;
				CLANG_WARN_UNREACHABLE_CODE = YES;
				CLANG_WARN__DUPLICATE_METHOD_MATCH = YES;
				COPY_PHASE_STRIP = NO;
				DEBUG_INFORMATION_FORMAT = "dwarf-with-dsym";
				ENABLE_NS_ASSERTIONS = NO;
				ENABLE_STRICT_OBJC_MSGSEND = YES;
				GCC_C_LANGUAGE_STANDARD = gnu11;
				GCC_NO_COMMON_BLOCKS = YES;
				GCC_WARN_64_TO_32_BIT_CONVERSION = YES;
				GCC_WARN_ABOUT_RETURN_TYPE = YES_ERROR;
				GCC_WARN_UNDECLARED_SELECTOR = YES;
				GCC_WARN_UNINITIALIZED_AUTOS = YES_AGGRESSIVE;
				GCC_WARN_UNUSED_FUNCTION = YES;
				GCC_WARN_UNUSED_VARIABLE = YES;
				IPHONEOS_DEPLOYMENT_TARGET = 14.1;
				MTL_ENABLE_DEBUG_INFO = NO;
				MTL_FAST_MATH = YES;
				SDKROOT = iphoneos;
				SWIFT_COMPILATION_MODE = wholemodule;
				SWIFT_OPTIMIZATION_LEVEL = "-O";
				VALIDATE_PRODUCT = YES;
			};
			name = Release;
		};
		4E0BD99226E9FC67005A4A94 /* Debug */ = {
			isa = XCBuildConfiguration;
			buildSettings = {
				ASSETCATALOG_COMPILER_APPICON_NAME = AppIcon;
				ASSETCATALOG_COMPILER_GLOBAL_ACCENT_COLOR_NAME = AccentColor;
				CODE_SIGN_STYLE = Automatic;
				CURRENT_PROJECT_VERSION = 9;
				DEVELOPMENT_TEAM = 5UG99476V8;
				INFOPLIST_FILE = SwiftyMaps/Info.plist;
				LD_RUNPATH_SEARCH_PATHS = (
					"$(inherited)",
					"@executable_path/Frameworks",
				);
				MARKETING_VERSION = 1.4;
				PRODUCT_BUNDLE_IDENTIFIER = de.elbe5.SwiftyMaps;
				PRODUCT_NAME = "$(TARGET_NAME)";
				SWIFT_VERSION = 5.0;
				TARGETED_DEVICE_FAMILY = "1,2";
			};
			name = Debug;
		};
		4E0BD99326E9FC67005A4A94 /* Release */ = {
			isa = XCBuildConfiguration;
			buildSettings = {
				ASSETCATALOG_COMPILER_APPICON_NAME = AppIcon;
				ASSETCATALOG_COMPILER_GLOBAL_ACCENT_COLOR_NAME = AccentColor;
				CODE_SIGN_STYLE = Automatic;
				CURRENT_PROJECT_VERSION = 9;
				DEVELOPMENT_TEAM = 5UG99476V8;
				INFOPLIST_FILE = SwiftyMaps/Info.plist;
				LD_RUNPATH_SEARCH_PATHS = (
					"$(inherited)",
					"@executable_path/Frameworks",
				);
				MARKETING_VERSION = 1.4;
				PRODUCT_BUNDLE_IDENTIFIER = de.elbe5.SwiftyMaps;
				PRODUCT_NAME = "$(TARGET_NAME)";
				SWIFT_VERSION = 5.0;
				TARGETED_DEVICE_FAMILY = "1,2";
			};
			name = Release;
		};
/* End XCBuildConfiguration section */

/* Begin XCConfigurationList section */
		4E0BD97826E9FC66005A4A94 /* Build configuration list for PBXProject "SwiftyMaps for OSM" */ = {
			isa = XCConfigurationList;
			buildConfigurations = (
				4E0BD98F26E9FC67005A4A94 /* Debug */,
				4E0BD99026E9FC67005A4A94 /* Release */,
			);
			defaultConfigurationIsVisible = 0;
			defaultConfigurationName = Release;
		};
		4E0BD99126E9FC67005A4A94 /* Build configuration list for PBXNativeTarget "SwiftyMaps for OSM" */ = {
			isa = XCConfigurationList;
			buildConfigurations = (
				4E0BD99226E9FC67005A4A94 /* Debug */,
				4E0BD99326E9FC67005A4A94 /* Release */,
			);
			defaultConfigurationIsVisible = 0;
			defaultConfigurationName = Release;
		};
/* End XCConfigurationList section */
	};
	rootObject = 4E0BD97526E9FC66005A4A94 /* Project object */;
}
